<?xml version="1.0" encoding="utf-8"?>
<Project ToolsVersion="4.0" xmlns="http://schemas.microsoft.com/developer/msbuild/2003">
  <ItemGroup>
    <Filter Include="源文件">
      <UniqueIdentifier>{4FC737F1-C7A5-4376-A066-2A32D752A2FF}</UniqueIdentifier>
      <Extensions>cpp;c;cc;cxx;def;odl;idl;hpj;bat;asm;asmx</Extensions>
    </Filter>
    <Filter Include="头文件">
      <UniqueIdentifier>{93995380-89BD-4b04-88EB-625FBE52EBFB}</UniqueIdentifier>
      <Extensions>h;hh;hpp;hxx;hm;inl;inc;xsd</Extensions>
    </Filter>
    <Filter Include="资源文件">
      <UniqueIdentifier>{67DA6AB6-F800-4c08-8B7A-83BB121AAD01}</UniqueIdentifier>
      <Extensions>rc;ico;cur;bmp;dlg;rc2;rct;bin;rgs;gif;jpg;jpeg;jpe;resx;tiff;tif;png;wav;mfcribbon-ms</Extensions>
    </Filter>
    <Filter Include="头文件\_private">
      <UniqueIdentifier>{9f46160c-c248-41bd-9865-308a6251fa33}</UniqueIdentifier>
    </Filter>
    <Filter Include="源文件\_private">
      <UniqueIdentifier>{763a9b99-6529-4a8d-ab9c-91b2699e2847}</UniqueIdentifier>
    </Filter>
    <Filter Include="源文件\_thirds">
      <UniqueIdentifier>{8d5ca92e-1cdb-46a2-a647-2ef02cae0979}</UniqueIdentifier>
    </Filter>
    <Filter Include="头文件\_inline">
      <UniqueIdentifier>{db5f1c4b-0335-4e9a-87be-2a8f20ae2584}</UniqueIdentifier>
    </Filter>
    <Filter Include="源文件\Stream">
      <UniqueIdentifier>{f02896a2-ef75-49a1-bb4f-17cc685072ba}</UniqueIdentifier>
    </Filter>
    <Filter Include="源文件\Archive">
      <UniqueIdentifier>{89f0e5af-6636-4ec5-bd30-8c8d140b8375}</UniqueIdentifier>
    </Filter>
    <Filter Include="头文件\archive">
      <UniqueIdentifier>{7409f7c2-4450-4696-8b5c-efb39cbfbd73}</UniqueIdentifier>
    </Filter>
    <Filter Include="头文件\stream">
      <UniqueIdentifier>{cac8eabe-9fc9-4e95-99b9-5f1d17a1ec79}</UniqueIdentifier>
    </Filter>
  </ItemGroup>
  <ItemGroup>
    <ClInclude Include="..\..\..\include\gserialization\gstream.h">
      <Filter>头文件\stream</Filter>
    </ClInclude>
    <ClInclude Include="..\..\..\include\gserialization\gtextbufferinputoutputstream.h">
      <Filter>头文件\stream</Filter>
    </ClInclude>
    <ClInclude Include="..\..\..\include\gserialization\gtextbufferinputstream.h">
      <Filter>头文件\stream</Filter>
    </ClInclude>
    <ClInclude Include="..\..\..\include\gserialization\gtextbufferoutputstream.h">
      <Filter>头文件\stream</Filter>
    </ClInclude>
    <ClInclude Include="..\..\..\include\gserialization\gtextbufferstream.h">
      <Filter>头文件\stream</Filter>
    </ClInclude>
    <ClInclude Include="..\..\..\include\gserialization\gtextfilebufferinputoutputstream.h">
      <Filter>头文件\stream</Filter>
    </ClInclude>
    <ClInclude Include="..\..\..\include\gserialization\gtextfilebufferinputstream.h">
      <Filter>头文件\stream</Filter>
    </ClInclude>
    <ClInclude Include="..\..\..\include\gserialization\gtextfilebufferoutputstream.h">
      <Filter>头文件\stream</Filter>
    </ClInclude>
    <ClInclude Include="..\..\..\include\gserialization\gtextfileinputoutputstream.h">
      <Filter>头文件\stream</Filter>
    </ClInclude>
    <ClInclude Include="..\..\..\include\gserialization\gtextfileinputstream.h">
      <Filter>头文件\stream</Filter>
    </ClInclude>
    <ClInclude Include="..\..\..\include\gserialization\gtextfileoutputstream.h">
      <Filter>头文件\stream</Filter>
    </ClInclude>
    <ClInclude Include="..\..\..\include\gserialization\gtextstream.h">
      <Filter>头文件\stream</Filter>
    </ClInclude>
    <ClInclude Include="..\..\..\include\gserialization\gbinarybufferinputoutputstream.h">
      <Filter>头文件\stream</Filter>
    </ClInclude>
    <ClInclude Include="..\..\..\include\gserialization\gbinarybufferinputstream.h">
      <Filter>头文件\stream</Filter>
    </ClInclude>
    <ClInclude Include="..\..\..\include\gserialization\gbinarybufferoutputstream.h">
      <Filter>头文件\stream</Filter>
    </ClInclude>
    <ClInclude Include="..\..\..\include\gserialization\gbinarybufferstream.h">
      <Filter>头文件\stream</Filter>
    </ClInclude>
    <ClInclude Include="..\..\..\include\gserialization\gbinaryfilebufferinputoutputstream.h">
      <Filter>头文件\stream</Filter>
    </ClInclude>
    <ClInclude Include="..\..\..\include\gserialization\gbinaryfilebufferinputstream.h">
      <Filter>头文件\stream</Filter>
    </ClInclude>
    <ClInclude Include="..\..\..\include\gserialization\gbinaryfilebufferoutputstream.h">
      <Filter>头文件\stream</Filter>
    </ClInclude>
    <ClInclude Include="..\..\..\include\gserialization\gbinaryfileinputoutputstream.h">
      <Filter>头文件\stream</Filter>
    </ClInclude>
    <ClInclude Include="..\..\..\include\gserialization\gbinaryfileinputstream.h">
      <Filter>头文件\stream</Filter>
    </ClInclude>
    <ClInclude Include="..\..\..\include\gserialization\gbinaryfileoutputstream.h">
      <Filter>头文件\stream</Filter>
    </ClInclude>
    <ClInclude Include="..\..\..\include\gserialization\gbinarystream.h">
      <Filter>头文件\stream</Filter>
    </ClInclude>
    <ClInclude Include="..\..\..\include\gserialization\gbufferstream.h">
      <Filter>头文件\stream</Filter>
    </ClInclude>
    <ClInclude Include="..\..\..\include\gserialization\gfilestream.h">
      <Filter>头文件\stream</Filter>
    </ClInclude>
    <ClInclude Include="..\..\..\include\gserialization\ginputoutputstream.h">
      <Filter>头文件\stream</Filter>
    </ClInclude>
    <ClInclude Include="..\..\..\include\gserialization\ginputstream.h">
      <Filter>头文件\stream</Filter>
    </ClInclude>
    <ClInclude Include="..\..\..\include\gserialization\goutputstream.h">
      <Filter>头文件\stream</Filter>
    </ClInclude>
    <ClInclude Include="..\..\..\include\gserialization\gbinaryinputarchive.h">
      <Filter>头文件\archive</Filter>
    </ClInclude>
    <ClInclude Include="..\..\..\include\gserialization\gbinaryoutputarchive.h">
      <Filter>头文件\archive</Filter>
    </ClInclude>
    <ClInclude Include="..\..\..\include\gserialization\ginputarchive.h">
      <Filter>头文件\archive</Filter>
    </ClInclude>
    <ClInclude Include="..\..\..\include\gserialization\gjsoninputarchive.h">
      <Filter>头文件\archive</Filter>
    </ClInclude>
    <ClInclude Include="..\..\..\include\gserialization\gjsonoutputarchive.h">
      <Filter>头文件\archive</Filter>
    </ClInclude>
    <ClInclude Include="..\..\..\include\gserialization\goutputarchive.h">
      <Filter>头文件\archive</Filter>
    </ClInclude>
    <ClInclude Include="..\..\..\include\gserialization\gtextinputarchive.h">
      <Filter>头文件\archive</Filter>
    </ClInclude>
    <ClInclude Include="..\..\..\include\gserialization\gtextoutputarchive.h">
      <Filter>头文件\archive</Filter>
    </ClInclude>
    <ClInclude Include="..\..\..\include\gserialization\gxmlinputarchive.h">
      <Filter>头文件\archive</Filter>
    </ClInclude>
    <ClInclude Include="..\..\..\include\gserialization\gxmloutputarchive.h">
      <Filter>头文件\archive</Filter>
    </ClInclude>
    <ClInclude Include="..\..\..\include\gserialization\gbasearchive.h">
      <Filter>头文件\archive</Filter>
    </ClInclude>
  </ItemGroup>
  <ItemGroup>
    <ClCompile Include="..\..\..\source\gserialization\gstream.cpp">
      <Filter>源文件\Stream</Filter>
    </ClCompile>
    <ClCompile Include="..\..\..\source\gserialization\gtextbufferstream.cpp">
      <Filter>源文件\Stream</Filter>
    </ClCompile>
    <ClCompile Include="..\..\..\source\gserialization\gtextstream.cpp">
      <Filter>源文件\Stream</Filter>
    </ClCompile>
    <ClCompile Include="..\..\..\source\gserialization\gbinarybufferstream.cpp">
      <Filter>源文件\Stream</Filter>
    </ClCompile>
    <ClCompile Include="..\..\..\source\gserialization\gbinarystream.cpp">
      <Filter>源文件\Stream</Filter>
    </ClCompile>
    <ClCompile Include="..\..\..\source\gserialization\gbufferstream.cpp">
      <Filter>源文件\Stream</Filter>
    </ClCompile>
    <ClCompile Include="..\..\..\source\gserialization\gfilestream.cpp">
      <Filter>源文件\Stream</Filter>
    </ClCompile>
    <ClCompile Include="..\..\..\source\gserialization\ginputoutputstream.cpp">
      <Filter>源文件\Stream</Filter>
    </ClCompile>
    <ClCompile Include="..\..\..\source\gserialization\ginputstream.cpp">
      <Filter>源文件\Stream</Filter>
    </ClCompile>
    <ClCompile Include="..\..\..\source\gserialization\goutputstream.cpp">
      <Filter>源文件\Stream</Filter>
    </ClCompile>
  </ItemGroup>
</Project>