<?xml version="1.0" encoding="utf-8"?>
<Project ToolsVersion="4.0" xmlns="http://schemas.microsoft.com/developer/msbuild/2003">
  <ItemGroup>
    <Filter Include="源文件">
      <UniqueIdentifier>{4FC737F1-C7A5-4376-A066-2A32D752A2FF}</UniqueIdentifier>
      <Extensions>cpp;c;cc;cxx;def;odl;idl;hpj;bat;asm;asmx</Extensions>
    </Filter>
    <Filter Include="头文件">
      <UniqueIdentifier>{93995380-89BD-4b04-88EB-625FBE52EBFB}</UniqueIdentifier>
      <Extensions>h;hh;hpp;hxx;hm;inl;inc;xsd</Extensions>
    </Filter>
    <Filter Include="资源文件">
      <UniqueIdentifier>{67DA6AB6-F800-4c08-8B7A-83BB121AAD01}</UniqueIdentifier>
      <Extensions>rc;ico;cur;bmp;dlg;rc2;rct;bin;rgs;gif;jpg;jpeg;jpe;resx;tiff;tif;png;wav;mfcribbon-ms</Extensions>
    </Filter>
    <Filter Include="头文件\_private">
      <UniqueIdentifier>{9f46160c-c248-41bd-9865-308a6251fa33}</UniqueIdentifier>
    </Filter>
    <Filter Include="源文件\_private">
      <UniqueIdentifier>{763a9b99-6529-4a8d-ab9c-91b2699e2847}</UniqueIdentifier>
    </Filter>
    <Filter Include="源文件\_thirds">
      <UniqueIdentifier>{8d5ca92e-1cdb-46a2-a647-2ef02cae0979}</UniqueIdentifier>
    </Filter>
    <Filter Include="头文件\_inline">
      <UniqueIdentifier>{db5f1c4b-0335-4e9a-87be-2a8f20ae2584}</UniqueIdentifier>
    </Filter>
    <Filter Include="头文件\Store">
      <UniqueIdentifier>{b51b8e48-9dfa-46cd-94c5-a38a59225eec}</UniqueIdentifier>
    </Filter>
    <Filter Include="头文件\Interface">
      <UniqueIdentifier>{da9769b3-c699-4aa5-97c4-f5f6c3e12a7e}</UniqueIdentifier>
    </Filter>
    <Filter Include="头文件\Interface\3D">
      <UniqueIdentifier>{35d43664-92eb-4386-ba94-c0e415b2408b}</UniqueIdentifier>
    </Filter>
    <Filter Include="头文件\Interface\2D">
      <UniqueIdentifier>{b37fc661-7637-41d4-af4d-8fed599ac549}</UniqueIdentifier>
    </Filter>
  </ItemGroup>
  <ItemGroup>
    <ClInclude Include="..\..\..\include\CsGeometry\CsCoordinate.h">
      <Filter>头文件</Filter>
    </ClInclude>
    <ClInclude Include="..\..\..\include\CsGeometry\CsEnvelope.h">
      <Filter>头文件</Filter>
    </ClInclude>
    <ClInclude Include="..\..\..\include\CsGeometry\CsGeometryBulider.h">
      <Filter>头文件</Filter>
    </ClInclude>
    <ClInclude Include="..\..\..\include\CsGeometry\CsGeometryCollection.h">
      <Filter>头文件</Filter>
    </ClInclude>
    <ClInclude Include="..\..\..\include\CsGeometry\CsGeometryFactory.h">
      <Filter>头文件</Filter>
    </ClInclude>
    <ClInclude Include="..\..\..\include\CsGeometry\CsGeometryPool.h">
      <Filter>头文件</Filter>
    </ClInclude>
    <ClInclude Include="..\..\..\include\CsGeometry\CsCurve.h">
      <Filter>头文件\Interface\2D</Filter>
    </ClInclude>
    <ClInclude Include="..\..\..\include\CsGeometry\CsLine.h">
      <Filter>头文件\Interface\2D</Filter>
    </ClInclude>
    <ClInclude Include="..\..\..\include\CsGeometry\CsMultiPoint.h">
      <Filter>头文件\Interface\2D</Filter>
    </ClInclude>
    <ClInclude Include="..\..\..\include\CsGeometry\CsPath.h">
      <Filter>头文件\Interface\2D</Filter>
    </ClInclude>
    <ClInclude Include="..\..\..\include\CsGeometry\CsPoint.h">
      <Filter>头文件\Interface\2D</Filter>
    </ClInclude>
    <ClInclude Include="..\..\..\include\CsGeometry\CsPolygon.h">
      <Filter>头文件\Interface\2D</Filter>
    </ClInclude>
    <ClInclude Include="..\..\..\include\CsGeometry\CsPolyline.h">
      <Filter>头文件\Interface\2D</Filter>
    </ClInclude>
    <ClInclude Include="..\..\..\include\CsGeometry\CsRectangle.h">
      <Filter>头文件\Interface\2D</Filter>
    </ClInclude>
    <ClInclude Include="..\..\..\include\CsGeometry\CsRing.h">
      <Filter>头文件\Interface\2D</Filter>
    </ClInclude>
    <ClInclude Include="..\..\..\include\CsGeometry\CsSurface.h">
      <Filter>头文件\Interface\2D</Filter>
    </ClInclude>
    <ClInclude Include="..\..\..\include\CsGeometry\CsTriangle.h">
      <Filter>头文件\Interface\2D</Filter>
    </ClInclude>
    <ClInclude Include="..\..\..\include\CsGeometry\CsPoint3D.h">
      <Filter>头文件\Interface\3D</Filter>
    </ClInclude>
    <ClInclude Include="..\..\..\include\CsGeometry\CsCoordinateSequence.h">
      <Filter>头文件</Filter>
    </ClInclude>
    <ClInclude Include="..\..\..\include\CsGeometry\CsGeometryCore.h">
      <Filter>头文件</Filter>
    </ClInclude>
    <ClInclude Include="..\..\..\include\CsGeometry\CsGeometry.h">
      <Filter>头文件\Interface</Filter>
    </ClInclude>
    <ClInclude Include="..\..\..\include\CsGeometry\CsPoint2D_Store.h">
      <Filter>头文件\Store</Filter>
    </ClInclude>
  </ItemGroup>
  <ItemGroup>
    <ClCompile Include="..\..\..\source\CsGeometry\CsEnvelope.cpp">
      <Filter>源文件</Filter>
    </ClCompile>
    <ClCompile Include="..\..\..\source\CsGeometry\CsCoordinate.cpp">
      <Filter>源文件</Filter>
    </ClCompile>
    <ClCompile Include="..\..\..\source\CsCore\CsCoordinateSequence.cpp">
      <Filter>源文件</Filter>
    </ClCompile>
  </ItemGroup>
</Project>