<?xml version="1.0" encoding="utf-8"?>
<Project ToolsVersion="4.0" xmlns="http://schemas.microsoft.com/developer/msbuild/2003">
  <ItemGroup>
    <Filter Include="源文件">
      <UniqueIdentifier>{4FC737F1-C7A5-4376-A066-2A32D752A2FF}</UniqueIdentifier>
      <Extensions>cpp;c;cc;cxx;def;odl;idl;hpj;bat;asm;asmx</Extensions>
    </Filter>
    <Filter Include="头文件">
      <UniqueIdentifier>{93995380-89BD-4b04-88EB-625FBE52EBFB}</UniqueIdentifier>
      <Extensions>h;hh;hpp;hxx;hm;inl;inc;xsd</Extensions>
    </Filter>
    <Filter Include="资源文件">
      <UniqueIdentifier>{67DA6AB6-F800-4c08-8B7A-83BB121AAD01}</UniqueIdentifier>
      <Extensions>rc;ico;cur;bmp;dlg;rc2;rct;bin;rgs;gif;jpg;jpeg;jpe;resx;tiff;tif;png;wav;mfcribbon-ms</Extensions>
    </Filter>
    <Filter Include="头文件\charset">
      <UniqueIdentifier>{a7395359-2bc5-4ce2-83e7-8345048561cc}</UniqueIdentifier>
    </Filter>
    <Filter Include="头文件\json">
      <UniqueIdentifier>{6f0e5c81-8a8a-4f80-81c9-6dcfdc9ab125}</UniqueIdentifier>
    </Filter>
    <Filter Include="头文件\xml">
      <UniqueIdentifier>{6ab93137-7bfa-4c72-9a2a-f4880f851af7}</UniqueIdentifier>
    </Filter>
    <Filter Include="头文件\log">
      <UniqueIdentifier>{46680b25-ed9c-49d3-a257-344d23da2002}</UniqueIdentifier>
    </Filter>
    <Filter Include="头文件\geojson">
      <UniqueIdentifier>{510d0125-93b9-4a87-bee1-794476b1482f}</UniqueIdentifier>
    </Filter>
  </ItemGroup>
  <ItemGroup>
    <ClInclude Include="..\..\..\include\gextra\gjsonarray.h">
      <Filter>头文件\json</Filter>
    </ClInclude>
    <ClInclude Include="..\..\..\include\gextra\gjsonobject.h">
      <Filter>头文件\json</Filter>
    </ClInclude>
    <ClInclude Include="..\..\..\include\gextra\gjsonpair.h">
      <Filter>头文件\json</Filter>
    </ClInclude>
    <ClInclude Include="..\..\..\include\gextra\gjsonparsermessage.h">
      <Filter>头文件\json</Filter>
    </ClInclude>
    <ClInclude Include="..\..\..\include\gextra\gjsonvalue.h">
      <Filter>头文件\json</Filter>
    </ClInclude>
    <ClInclude Include="..\..\..\include\gextra\ggeojson.h">
      <Filter>头文件\geojson</Filter>
    </ClInclude>
    <ClInclude Include="..\..\..\include\gextra\gjsonparseexception.h">
      <Filter>头文件\json</Filter>
    </ClInclude>
  </ItemGroup>
</Project>