<?xml version="1.0" encoding="utf-8"?>
<Project ToolsVersion="4.0" xmlns="http://schemas.microsoft.com/developer/msbuild/2003">
  <ItemGroup>
    <Filter Include="源文件">
      <UniqueIdentifier>{4FC737F1-C7A5-4376-A066-2A32D752A2FF}</UniqueIdentifier>
      <Extensions>cpp;c;cc;cxx;def;odl;idl;hpj;bat;asm;asmx</Extensions>
    </Filter>
    <Filter Include="头文件">
      <UniqueIdentifier>{93995380-89BD-4b04-88EB-625FBE52EBFB}</UniqueIdentifier>
      <Extensions>h;hh;hpp;hxx;hm;inl;inc;xsd</Extensions>
    </Filter>
    <Filter Include="资源文件">
      <UniqueIdentifier>{67DA6AB6-F800-4c08-8B7A-83BB121AAD01}</UniqueIdentifier>
      <Extensions>rc;ico;cur;bmp;dlg;rc2;rct;bin;rgs;gif;jpg;jpeg;jpe;resx;tiff;tif;png;wav;mfcribbon-ms</Extensions>
    </Filter>
    <Filter Include="头文件\_private">
      <UniqueIdentifier>{9f46160c-c248-41bd-9865-308a6251fa33}</UniqueIdentifier>
    </Filter>
    <Filter Include="源文件\_private">
      <UniqueIdentifier>{763a9b99-6529-4a8d-ab9c-91b2699e2847}</UniqueIdentifier>
    </Filter>
    <Filter Include="源文件\_thirds">
      <UniqueIdentifier>{8d5ca92e-1cdb-46a2-a647-2ef02cae0979}</UniqueIdentifier>
    </Filter>
    <Filter Include="头文件\_thirds">
      <UniqueIdentifier>{e6fecc52-0e8e-4ed9-aeeb-003ec70d9455}</UniqueIdentifier>
    </Filter>
    <Filter Include="头文件\_inline">
      <UniqueIdentifier>{db5f1c4b-0335-4e9a-87be-2a8f20ae2584}</UniqueIdentifier>
    </Filter>
    <Filter Include="头文件\exception">
      <UniqueIdentifier>{606bbb14-59b7-4cc3-b626-b752fd3602ed}</UniqueIdentifier>
    </Filter>
    <Filter Include="头文件\file">
      <UniqueIdentifier>{32f05e04-6142-40bf-bfc7-b2fd288690f2}</UniqueIdentifier>
    </Filter>
    <Filter Include="头文件\global">
      <UniqueIdentifier>{a52604e8-0bdf-4d9c-ac13-2dadcc9e4691}</UniqueIdentifier>
    </Filter>
    <Filter Include="头文件\net">
      <UniqueIdentifier>{3ff3dc84-26c3-4762-8d6b-955856a6a630}</UniqueIdentifier>
    </Filter>
    <Filter Include="头文件\package">
      <UniqueIdentifier>{5051c812-484c-4efe-ac43-14156acb198d}</UniqueIdentifier>
    </Filter>
    <Filter Include="头文件\pattern">
      <UniqueIdentifier>{087959c5-fcd7-4766-9afa-ff103fa1e8d0}</UniqueIdentifier>
    </Filter>
    <Filter Include="头文件\serialization">
      <UniqueIdentifier>{81a561ff-f8d4-418c-8163-2eb3b378a738}</UniqueIdentifier>
    </Filter>
    <Filter Include="头文件\string">
      <UniqueIdentifier>{57aef0c1-ef25-4eb4-bf4f-becad0fc1416}</UniqueIdentifier>
    </Filter>
    <Filter Include="头文件\structure">
      <UniqueIdentifier>{83ca5347-1b9d-4f77-b41c-c66fc4a31a0d}</UniqueIdentifier>
    </Filter>
    <Filter Include="头文件\template">
      <UniqueIdentifier>{a048f02d-61f7-4bd6-8c49-f33a100f051d}</UniqueIdentifier>
    </Filter>
    <Filter Include="头文件\thread">
      <UniqueIdentifier>{8aa84173-66c3-4a8e-9b2c-c2098fbcd20d}</UniqueIdentifier>
    </Filter>
    <Filter Include="头文件\time">
      <UniqueIdentifier>{8abf84c8-4ba8-4a84-a921-ea9923650bef}</UniqueIdentifier>
    </Filter>
    <Filter Include="头文件\tool">
      <UniqueIdentifier>{1d442519-a6c1-41ba-bef2-5f09661e83b2}</UniqueIdentifier>
    </Filter>
    <Filter Include="头文件\utility">
      <UniqueIdentifier>{f79428c8-39f2-4c2f-9a2f-5c56ed33116e}</UniqueIdentifier>
    </Filter>
    <Filter Include="源文件\exception">
      <UniqueIdentifier>{1be601c9-ca32-4d99-beaa-d13b192e83cf}</UniqueIdentifier>
    </Filter>
    <Filter Include="源文件\global">
      <UniqueIdentifier>{28f440d1-1aad-4501-bca8-0cc244512cf3}</UniqueIdentifier>
    </Filter>
    <Filter Include="源文件\net">
      <UniqueIdentifier>{9dea15f7-bbf3-47ac-aa23-3f743d682dc5}</UniqueIdentifier>
    </Filter>
    <Filter Include="源文件\package">
      <UniqueIdentifier>{0503ffbe-d709-4af1-89d3-1f728a999d53}</UniqueIdentifier>
    </Filter>
    <Filter Include="源文件\serialization">
      <UniqueIdentifier>{fb194a91-1f16-4a4a-afaf-533ca8c2aa7e}</UniqueIdentifier>
    </Filter>
    <Filter Include="源文件\string">
      <UniqueIdentifier>{e336a447-2bd8-4c68-a1d3-7aa5ab00e7aa}</UniqueIdentifier>
    </Filter>
    <Filter Include="源文件\template">
      <UniqueIdentifier>{19e68479-25cf-4bdf-bfae-92b3c796ca2a}</UniqueIdentifier>
    </Filter>
    <Filter Include="源文件\thread">
      <UniqueIdentifier>{4d31afef-c4e1-4565-bde1-a96591576f97}</UniqueIdentifier>
    </Filter>
    <Filter Include="源文件\time">
      <UniqueIdentifier>{81cbbc17-01b4-49f7-9aa4-29d9cb6022cc}</UniqueIdentifier>
    </Filter>
    <Filter Include="源文件\tool">
      <UniqueIdentifier>{68fc5468-82fa-4da5-aa97-b579a67420fd}</UniqueIdentifier>
    </Filter>
    <Filter Include="源文件\utility">
      <UniqueIdentifier>{ab25b991-b54f-4ad4-9d3c-ba0a9a648cc0}</UniqueIdentifier>
    </Filter>
  </ItemGroup>
  <ItemGroup>
    <ClInclude Include="..\..\..\thirds\GCore\dlmalloc.h">
      <Filter>头文件\_thirds</Filter>
    </ClInclude>
    <ClInclude Include="..\..\..\include\GCore\gtype.h">
      <Filter>头文件\global</Filter>
    </ClInclude>
    <ClInclude Include="..\..\..\include\GCore\gnew.h">
      <Filter>头文件\global</Filter>
    </ClInclude>
    <ClInclude Include="..\..\..\include\GCore\gobject.h">
      <Filter>头文件\global</Filter>
    </ClInclude>
    <ClInclude Include="..\..\..\include\GCore\gregister.h">
      <Filter>头文件\global</Filter>
    </ClInclude>
    <ClInclude Include="..\..\..\include\GCore\gsocket.h">
      <Filter>头文件\net</Filter>
    </ClInclude>
    <ClInclude Include="..\..\..\include\GCore\gtcpsocket.h">
      <Filter>头文件\net</Filter>
    </ClInclude>
    <ClInclude Include="..\..\..\include\GCore\gudpsocket.h">
      <Filter>头文件\net</Filter>
    </ClInclude>
    <ClInclude Include="..\..\..\include\GCore\gboolean.h">
      <Filter>头文件\package</Filter>
    </ClInclude>
    <ClInclude Include="..\..\..\include\GCore\gbyte.h">
      <Filter>头文件\package</Filter>
    </ClInclude>
    <ClInclude Include="..\..\..\include\GCore\gdoublefloat.h">
      <Filter>头文件\package</Filter>
    </ClInclude>
    <ClInclude Include="..\..\..\include\GCore\ginteger.h">
      <Filter>头文件\package</Filter>
    </ClInclude>
    <ClInclude Include="..\..\..\include\GCore\glongdoublefloat.h">
      <Filter>头文件\package</Filter>
    </ClInclude>
    <ClInclude Include="..\..\..\include\GCore\glonginteger.h">
      <Filter>头文件\package</Filter>
    </ClInclude>
    <ClInclude Include="..\..\..\include\GCore\glonglonginteger.h">
      <Filter>头文件\package</Filter>
    </ClInclude>
    <ClInclude Include="..\..\..\include\GCore\gnumber.h">
      <Filter>头文件\package</Filter>
    </ClInclude>
    <ClInclude Include="..\..\..\include\GCore\gpackage.h">
      <Filter>头文件\package</Filter>
    </ClInclude>
    <ClInclude Include="..\..\..\include\GCore\gshortinteger.h">
      <Filter>头文件\package</Filter>
    </ClInclude>
    <ClInclude Include="..\..\..\include\GCore\gsignedcharacter.h">
      <Filter>头文件\package</Filter>
    </ClInclude>
    <ClInclude Include="..\..\..\include\GCore\gsinglefloat.h">
      <Filter>头文件\package</Filter>
    </ClInclude>
    <ClInclude Include="..\..\..\include\GCore\gfinal.h">
      <Filter>头文件\pattern</Filter>
    </ClInclude>
    <ClInclude Include="..\..\..\include\GCore\gsingleton.h">
      <Filter>头文件\pattern</Filter>
    </ClInclude>
    <ClInclude Include="..\..\..\include\GCore\gwidecharacter.h">
      <Filter>头文件\package</Filter>
    </ClInclude>
    <ClInclude Include="..\..\..\include\GCore\gunsignedsmallinteger.h">
      <Filter>头文件\package</Filter>
    </ClInclude>
    <ClInclude Include="..\..\..\include\GCore\gunsignedshortinteger.h">
      <Filter>头文件\package</Filter>
    </ClInclude>
    <ClInclude Include="..\..\..\include\GCore\gunsignedlonglonginteger.h">
      <Filter>头文件\package</Filter>
    </ClInclude>
    <ClInclude Include="..\..\..\include\GCore\gunsignedlonginteger.h">
      <Filter>头文件\package</Filter>
    </ClInclude>
    <ClInclude Include="..\..\..\include\GCore\gunsignedinteger.h">
      <Filter>头文件\package</Filter>
    </ClInclude>
    <ClInclude Include="..\..\..\include\GCore\gunsignedcharacter.h">
      <Filter>头文件\package</Filter>
    </ClInclude>
    <ClInclude Include="..\..\..\include\GCore\gsmallinteger.h">
      <Filter>头文件\package</Filter>
    </ClInclude>
    <ClInclude Include="..\..\..\include\GCore\garray.h">
      <Filter>头文件\structure</Filter>
    </ClInclude>
    <ClInclude Include="..\..\..\include\GCore\garrayqueue.h">
      <Filter>头文件\structure</Filter>
    </ClInclude>
    <ClInclude Include="..\..\..\include\GCore\garraystack.h">
      <Filter>头文件\structure</Filter>
    </ClInclude>
    <ClInclude Include="..\..\..\include\GCore\gavltree.h">
      <Filter>头文件\structure</Filter>
    </ClInclude>
    <ClInclude Include="..\..\..\include\GCore\gbtree.h">
      <Filter>头文件\structure</Filter>
    </ClInclude>
    <ClInclude Include="..\..\..\include\GCore\gdynamicarray.h">
      <Filter>头文件\structure</Filter>
    </ClInclude>
    <ClInclude Include="..\..\..\include\GCore\ggraph.h">
      <Filter>头文件\structure</Filter>
    </ClInclude>
    <ClInclude Include="..\..\..\include\GCore\ghashtable.h">
      <Filter>头文件\structure</Filter>
    </ClInclude>
    <ClInclude Include="..\..\..\include\GCore\ghuffmantree.h">
      <Filter>头文件\structure</Filter>
    </ClInclude>
    <ClInclude Include="..\..\..\include\GCore\glinkedlist.h">
      <Filter>头文件\structure</Filter>
    </ClInclude>
    <ClInclude Include="..\..\..\include\GCore\glistqueue.h">
      <Filter>头文件\structure</Filter>
    </ClInclude>
    <ClInclude Include="..\..\..\include\GCore\gliststack.h">
      <Filter>头文件\structure</Filter>
    </ClInclude>
    <ClInclude Include="..\..\..\include\GCore\gqueue.h">
      <Filter>头文件\structure</Filter>
    </ClInclude>
    <ClInclude Include="..\..\..\include\GCore\grtree.h">
      <Filter>头文件\structure</Filter>
    </ClInclude>
    <ClInclude Include="..\..\..\include\GCore\gstack.h">
      <Filter>头文件\structure</Filter>
    </ClInclude>
    <ClInclude Include="..\..\..\include\GCore\gstaticarray.h">
      <Filter>头文件\structure</Filter>
    </ClInclude>
    <ClInclude Include="..\..\..\include\GCore\gfunctor.h">
      <Filter>头文件\template</Filter>
    </ClInclude>
    <ClInclude Include="..\..\..\include\GCore\ghash.h">
      <Filter>头文件\template</Filter>
    </ClInclude>
    <ClInclude Include="..\..\..\include\GCore\gtraits.h">
      <Filter>头文件\template</Filter>
    </ClInclude>
    <ClInclude Include="..\..\..\include\GCore\gcriticalsection.h">
      <Filter>头文件\thread</Filter>
    </ClInclude>
    <ClInclude Include="..\..\..\include\GCore\glock.h">
      <Filter>头文件\thread</Filter>
    </ClInclude>
    <ClInclude Include="..\..\..\include\GCore\glockguard.h">
      <Filter>头文件\thread</Filter>
    </ClInclude>
    <ClInclude Include="..\..\..\include\GCore\gmutex.h">
      <Filter>头文件\thread</Filter>
    </ClInclude>
    <ClInclude Include="..\..\..\include\GCore\gsemaphore.h">
      <Filter>头文件\thread</Filter>
    </ClInclude>
    <ClInclude Include="..\..\..\include\GCore\gendian.h">
      <Filter>头文件\utility</Filter>
    </ClInclude>
    <ClInclude Include="..\..\..\include\GCore\gmath.h">
      <Filter>头文件\utility</Filter>
    </ClInclude>
    <ClInclude Include="..\..\..\include\GCore\gsort.h">
      <Filter>头文件\utility</Filter>
    </ClInclude>
    <ClInclude Include="..\..\..\include\GCore\gstdstringhelper.h">
      <Filter>头文件\utility</Filter>
    </ClInclude>
    <ClInclude Include="..\..\..\include\GCore\gblock.h">
      <Filter>头文件\tool</Filter>
    </ClInclude>
    <ClInclude Include="..\..\..\include\GCore\glist.h">
      <Filter>头文件\tool</Filter>
    </ClInclude>
    <ClInclude Include="..\..\..\include\GCore\gmap.h">
      <Filter>头文件\tool</Filter>
    </ClInclude>
    <ClInclude Include="..\..\..\include\GCore\gmultimap.h">
      <Filter>头文件\tool</Filter>
    </ClInclude>
    <ClInclude Include="..\..\..\include\GCore\gmemorystore.h">
      <Filter>头文件\tool</Filter>
    </ClInclude>
    <ClInclude Include="..\..\..\include\GCore\gordermultimap.h">
      <Filter>头文件\tool</Filter>
    </ClInclude>
    <ClInclude Include="..\..\..\include\GCore\gorderset.h">
      <Filter>头文件\tool</Filter>
    </ClInclude>
    <ClInclude Include="..\..\..\include\GCore\gset.h">
      <Filter>头文件\tool</Filter>
    </ClInclude>
    <ClInclude Include="..\..\..\include\GCore\gunordermap.h">
      <Filter>头文件\tool</Filter>
    </ClInclude>
    <ClInclude Include="..\..\..\include\GCore\gunordermultimap.h">
      <Filter>头文件\tool</Filter>
    </ClInclude>
    <ClInclude Include="..\..\..\include\GCore\gunorderset.h">
      <Filter>头文件\tool</Filter>
    </ClInclude>
    <ClInclude Include="..\..\..\include\GCore\gvector.h">
      <Filter>头文件\tool</Filter>
    </ClInclude>
    <ClInclude Include="..\..\..\private\GCore\gfile_ex.h">
      <Filter>头文件\_private</Filter>
    </ClInclude>
    <ClInclude Include="..\..\..\private\GCore\gjsonparser.h">
      <Filter>头文件\_private</Filter>
    </ClInclude>
    <ClInclude Include="..\..\..\private\GCore\gsockaddress_ex.h">
      <Filter>头文件\_private</Filter>
    </ClInclude>
    <ClInclude Include="..\..\..\private\GCore\gsocket_ex.h">
      <Filter>头文件\_private</Filter>
    </ClInclude>
    <ClInclude Include="..\..\..\private\GCore\gtcpsocket_ex.h">
      <Filter>头文件\_private</Filter>
    </ClInclude>
    <ClInclude Include="..\..\..\private\GCore\gtextfile_ex.h">
      <Filter>头文件\_private</Filter>
    </ClInclude>
    <ClInclude Include="..\..\..\private\GCore\gudpsocket_ex.h">
      <Filter>头文件\_private</Filter>
    </ClInclude>
    <ClInclude Include="..\..\..\include\GCore\gevent.h">
      <Filter>头文件\thread</Filter>
    </ClInclude>
    <ClInclude Include="..\..\..\include\GCore\gnocopyable.h">
      <Filter>头文件\pattern</Filter>
    </ClInclude>
    <ClInclude Include="..\..\..\include\GCore\gnomoveable.h">
      <Filter>头文件\pattern</Filter>
    </ClInclude>
    <ClInclude Include="..\..\..\include\GCore\gallocator.h">
      <Filter>头文件\template</Filter>
    </ClInclude>
    <ClInclude Include="..\..\..\include\GCore\gconstructor.h">
      <Filter>头文件\template</Filter>
    </ClInclude>
    <ClInclude Include="..\..\..\include\GCore\gmemory.h">
      <Filter>头文件\global</Filter>
    </ClInclude>
    <ClInclude Include="..\..\..\include\GCore\gatom.h">
      <Filter>头文件\utility</Filter>
    </ClInclude>
    <ClInclude Include="..\..\..\include\GCore\gvariety.h">
      <Filter>头文件\tool</Filter>
    </ClInclude>
    <ClInclude Include="..\..\..\include\GCore\gvariant.h">
      <Filter>头文件\tool</Filter>
    </ClInclude>
    <ClInclude Include="..\..\..\include\GCore\gbytes.h">
      <Filter>头文件\string</Filter>
    </ClInclude>
    <ClInclude Include="..\..\..\include\GCore\gstringlist.h">
      <Filter>头文件\string</Filter>
    </ClInclude>
    <ClInclude Include="..\..\..\include\GCore\gstringpool.h">
      <Filter>头文件\string</Filter>
    </ClInclude>
    <ClInclude Include="..\..\..\include\GCore\gbitset.h">
      <Filter>头文件\tool</Filter>
    </ClInclude>
    <ClInclude Include="..\..\..\include\GCore\gfunctional.h">
      <Filter>头文件\template</Filter>
    </ClInclude>
    <ClInclude Include="..\..\..\include\GCore\gutility.h">
      <Filter>头文件\template</Filter>
    </ClInclude>
    <ClInclude Include="..\..\..\include\GCore\gseries.h">
      <Filter>头文件\string</Filter>
    </ClInclude>
    <ClInclude Include="..\..\..\include\GCore\gseriespool.h">
      <Filter>头文件\string</Filter>
    </ClInclude>
    <ClInclude Include="..\..\..\include\GCore\grunnable.h">
      <Filter>头文件\thread</Filter>
    </ClInclude>
    <ClInclude Include="..\..\..\include\GCore\gthread.h">
      <Filter>头文件\thread</Filter>
    </ClInclude>
    <ClInclude Include="..\..\..\include\GCore\gtuple.h">
      <Filter>头文件\template</Filter>
    </ClInclude>
    <ClInclude Include="..\..\..\include\GCore\gfile.h">
      <Filter>头文件\file</Filter>
    </ClInclude>
    <ClInclude Include="..\..\..\include\GCore\gdate.h">
      <Filter>头文件\time</Filter>
    </ClInclude>
    <ClInclude Include="..\..\..\include\GCore\gdatetime.h">
      <Filter>头文件\time</Filter>
    </ClInclude>
    <ClInclude Include="..\..\..\include\GCore\gpath.h">
      <Filter>头文件\file</Filter>
    </ClInclude>
    <ClInclude Include="..\..\..\include\GCore\gstopwatch.h">
      <Filter>头文件\time</Filter>
    </ClInclude>
    <ClInclude Include="..\..\..\include\GCore\gtime.h">
      <Filter>头文件\time</Filter>
    </ClInclude>
    <ClInclude Include="..\..\..\include\GCore\gtimer.h">
      <Filter>头文件\time</Filter>
    </ClInclude>
    <ClInclude Include="..\..\..\include\GCore\gtextfile.h">
      <Filter>头文件\file</Filter>
    </ClInclude>
    <ClInclude Include="..\..\..\include\GCore\ginitializerlist.h">
      <Filter>头文件\template</Filter>
    </ClInclude>
    <ClInclude Include="..\..\..\include\GCore\gtable.h">
      <Filter>头文件\structure</Filter>
    </ClInclude>
    <ClInclude Include="..\..\..\include\GCore\garrays.h">
      <Filter>头文件\utility</Filter>
    </ClInclude>
    <ClInclude Include="..\..\..\include\GCore\gstring16.h">
      <Filter>头文件\string</Filter>
    </ClInclude>
    <ClInclude Include="..\..\..\include\GCore\gstring32.h">
      <Filter>头文件\string</Filter>
    </ClInclude>
    <ClInclude Include="..\..\..\include\GCore\gcstring.h">
      <Filter>头文件\utility</Filter>
    </ClInclude>
    <ClInclude Include="..\..\..\include\GCore\gdeque.h">
      <Filter>头文件\structure</Filter>
    </ClInclude>
    <ClInclude Include="..\..\..\include\GCore\gtrietree.h">
      <Filter>头文件\structure</Filter>
    </ClInclude>
    <ClInclude Include="..\..\..\include\GCore\gversion.h">
      <Filter>头文件\global</Filter>
    </ClInclude>
    <ClInclude Include="..\..\..\include\GCore\garchive.h">
      <Filter>头文件\tool</Filter>
    </ClInclude>
    <ClInclude Include="..\..\..\include\GCore\gdtdef.h">
      <Filter>头文件\time</Filter>
    </ClInclude>
    <ClInclude Include="..\..\..\include\GCore\gbinheap.h">
      <Filter>头文件\structure</Filter>
    </ClInclude>
    <ClInclude Include="..\..\..\include\GCore\gbintree.h">
      <Filter>头文件\structure</Filter>
    </ClInclude>
    <ClInclude Include="..\..\..\include\GCore\grbtree.h">
      <Filter>头文件\structure</Filter>
    </ClInclude>
    <ClInclude Include="..\..\..\include\GCore\gbstree.h">
      <Filter>头文件\structure</Filter>
    </ClInclude>
    <ClInclude Include="..\..\..\include\GCore\gstruct.h">
      <Filter>头文件\structure</Filter>
    </ClInclude>
    <ClInclude Include="..\..\..\include\GCore\gclist.h">
      <Filter>头文件\structure</Filter>
    </ClInclude>
    <ClInclude Include="..\..\..\include\GCore\gslist.h">
      <Filter>头文件\structure</Filter>
    </ClInclude>
    <ClInclude Include="..\..\..\include\GCore\gdlist.h">
      <Filter>头文件\structure</Filter>
    </ClInclude>
    <ClInclude Include="..\..\..\include\GCore\gmacro.h">
      <Filter>头文件\global</Filter>
    </ClInclude>
    <ClInclude Include="..\..\..\include\GCore\gsocketaddress.h">
      <Filter>头文件\net</Filter>
    </ClInclude>
    <ClInclude Include="..\..\..\include\GCore\gbinfile.h">
      <Filter>头文件\file</Filter>
    </ClInclude>
    <ClInclude Include="..\..\..\private\GCore\gbinfile_ex.h">
      <Filter>头文件\_private</Filter>
    </ClInclude>
    <ClInclude Include="..\..\..\include\GCore\gserializable.h">
      <Filter>头文件\serialization</Filter>
    </ClInclude>
    <ClInclude Include="..\..\..\include\GCore\gserialize.h">
      <Filter>头文件\serialization</Filter>
    </ClInclude>
    <ClInclude Include="..\..\..\include\GCore\gglobal.h">
      <Filter>头文件\global</Filter>
    </ClInclude>
    <ClInclude Include="..\..\..\include\GCore\gclasscode.h">
      <Filter>头文件\serialization</Filter>
    </ClInclude>
    <ClInclude Include="..\..\..\include\GCore\gmempool.h">
      <Filter>头文件\tool</Filter>
    </ClInclude>
    <ClInclude Include="..\..\..\include\GCore\gsharedptr.h">
      <Filter>头文件\tool</Filter>
    </ClInclude>
    <ClInclude Include="..\..\..\include\GCore\guniqueptr.h">
      <Filter>头文件\tool</Filter>
    </ClInclude>
    <ClInclude Include="..\..\..\include\GCore\gweakptr.h">
      <Filter>头文件\tool</Filter>
    </ClInclude>
    <ClInclude Include="..\..\..\include\GCore\grefcounter.h">
      <Filter>头文件\tool</Filter>
    </ClInclude>
    <ClInclude Include="..\..\..\include\GCore\gexception.h">
      <Filter>头文件\exception</Filter>
    </ClInclude>
    <ClInclude Include="..\..\..\include\GCore\goutofmemoryexception.h">
      <Filter>头文件\exception</Filter>
    </ClInclude>
    <ClInclude Include="..\..\..\include\GCore\goutofrangeexception.h">
      <Filter>头文件\exception</Filter>
    </ClInclude>
    <ClInclude Include="..\..\..\include\GCore\gsystemexception.h">
      <Filter>头文件\exception</Filter>
    </ClInclude>
    <ClInclude Include="..\..\..\include\GCore\gexceptdef.h">
      <Filter>头文件\exception</Filter>
    </ClInclude>
    <ClInclude Include="..\..\..\include\GCore\gunclassifiedexception.h">
      <Filter>头文件\exception</Filter>
    </ClInclude>
    <ClInclude Include="..\..\..\include\GCore\gstring8.h">
      <Filter>头文件\string</Filter>
    </ClInclude>
    <ClInclude Include="..\..\..\include\GCore\gstring.h">
      <Filter>头文件\string</Filter>
    </ClInclude>
    <ClInclude Include="..\..\..\include\GCore\gbasestring.h">
      <Filter>头文件\string</Filter>
    </ClInclude>
    <ClInclude Include="..\..\..\include\GCore\gsortedmap.h">
      <Filter>头文件\tool</Filter>
    </ClInclude>
    <ClInclude Include="..\..\..\include\GCore\gcharacter.h">
      <Filter>头文件\package</Filter>
    </ClInclude>
    <ClInclude Include="..\..\..\include\GCore\grwlock.h">
      <Filter>头文件\thread</Filter>
    </ClInclude>
  </ItemGroup>
  <ItemGroup>
    <ClCompile Include="..\..\..\source\GCore\dlmalloc.c">
      <Filter>源文件\_thirds</Filter>
    </ClCompile>
    <ClCompile Include="..\..\..\source\GCore\gobject.cpp">
      <Filter>源文件\global</Filter>
    </ClCompile>
    <ClCompile Include="..\..\..\source\GCore\gregister.cpp">
      <Filter>源文件\template</Filter>
    </ClCompile>
    <ClCompile Include="..\..\..\source\GCore\gsocket.cpp">
      <Filter>源文件\net</Filter>
    </ClCompile>
    <ClCompile Include="..\..\..\source\GCore\gtcpsocket.cpp">
      <Filter>源文件\net</Filter>
    </ClCompile>
    <ClCompile Include="..\..\..\source\GCore\gudpsocket.cpp">
      <Filter>源文件\net</Filter>
    </ClCompile>
    <ClCompile Include="..\..\..\source\GCore\gboolean.cpp">
      <Filter>源文件\package</Filter>
    </ClCompile>
    <ClCompile Include="..\..\..\source\GCore\gbyte.cpp">
      <Filter>源文件\package</Filter>
    </ClCompile>
    <ClCompile Include="..\..\..\source\GCore\gcharacter.cpp">
      <Filter>源文件\package</Filter>
    </ClCompile>
    <ClCompile Include="..\..\..\source\GCore\gdoublefloat.cpp">
      <Filter>源文件\package</Filter>
    </ClCompile>
    <ClCompile Include="..\..\..\source\GCore\ginteger.cpp">
      <Filter>源文件\package</Filter>
    </ClCompile>
    <ClCompile Include="..\..\..\source\GCore\glongdoublefloat.cpp">
      <Filter>源文件\package</Filter>
    </ClCompile>
    <ClCompile Include="..\..\..\source\GCore\glonginteger.cpp">
      <Filter>源文件\package</Filter>
    </ClCompile>
    <ClCompile Include="..\..\..\source\GCore\glonglonginteger.cpp">
      <Filter>源文件\package</Filter>
    </ClCompile>
    <ClCompile Include="..\..\..\source\GCore\gshortinteger.cpp">
      <Filter>源文件\package</Filter>
    </ClCompile>
    <ClCompile Include="..\..\..\source\GCore\gsignedcharacter.cpp">
      <Filter>源文件\package</Filter>
    </ClCompile>
    <ClCompile Include="..\..\..\source\GCore\gsinglefloat.cpp">
      <Filter>源文件\package</Filter>
    </ClCompile>
    <ClCompile Include="..\..\..\source\GCore\gwidecharacter.cpp">
      <Filter>源文件\package</Filter>
    </ClCompile>
    <ClCompile Include="..\..\..\source\GCore\gunsignedsmallinteger.cpp">
      <Filter>源文件\package</Filter>
    </ClCompile>
    <ClCompile Include="..\..\..\source\GCore\gunsignedshortinteger.cpp">
      <Filter>源文件\package</Filter>
    </ClCompile>
    <ClCompile Include="..\..\..\source\GCore\gunsignedlonglonginteger.cpp">
      <Filter>源文件\package</Filter>
    </ClCompile>
    <ClCompile Include="..\..\..\source\GCore\gunsignedlonginteger.cpp">
      <Filter>源文件\package</Filter>
    </ClCompile>
    <ClCompile Include="..\..\..\source\GCore\gunsignedinteger.cpp">
      <Filter>源文件\package</Filter>
    </ClCompile>
    <ClCompile Include="..\..\..\source\GCore\gunsignedcharacter.cpp">
      <Filter>源文件\package</Filter>
    </ClCompile>
    <ClCompile Include="..\..\..\source\GCore\gsmallinteger.cpp">
      <Filter>源文件\package</Filter>
    </ClCompile>
    <ClCompile Include="..\..\..\source\GCore\ghash.cpp">
      <Filter>源文件\template</Filter>
    </ClCompile>
    <ClCompile Include="..\..\..\source\GCore\glock.cpp">
      <Filter>源文件\thread</Filter>
    </ClCompile>
    <ClCompile Include="..\..\..\source\GCore\gendian.cpp">
      <Filter>源文件\utility</Filter>
    </ClCompile>
    <ClCompile Include="..\..\..\source\GCore\gmath.cpp">
      <Filter>源文件\utility</Filter>
    </ClCompile>
    <ClCompile Include="..\..\..\source\GCore\gstdstringhelper.cpp">
      <Filter>源文件\utility</Filter>
    </ClCompile>
    <ClCompile Include="..\..\..\source\GCore\gcriticalsection.cpp">
      <Filter>源文件\thread</Filter>
    </ClCompile>
    <ClCompile Include="..\..\..\source\GCore\gsemaphore.cpp">
      <Filter>源文件\thread</Filter>
    </ClCompile>
    <ClCompile Include="..\..\..\source\GCore\gmutex.cpp">
      <Filter>源文件\thread</Filter>
    </ClCompile>
    <ClCompile Include="..\..\..\source\GCore\gfile.cpp">
      <Filter>源文件\tool</Filter>
    </ClCompile>
    <ClCompile Include="..\..\..\source\GCore\gmemorystore.cpp">
      <Filter>源文件\tool</Filter>
    </ClCompile>
    <ClCompile Include="..\..\..\source\GCore\gpath.cpp">
      <Filter>源文件\tool</Filter>
    </ClCompile>
    <ClCompile Include="..\..\..\source\GCore\gtextfile.cpp">
      <Filter>源文件\tool</Filter>
    </ClCompile>
    <ClCompile Include="..\..\..\source\GCore\gfile_ex.cpp">
      <Filter>源文件\_private</Filter>
    </ClCompile>
    <ClCompile Include="..\..\..\source\GCore\gsockaddress_ex.cpp">
      <Filter>源文件\_private</Filter>
    </ClCompile>
    <ClCompile Include="..\..\..\source\GCore\gsocket_ex.cpp">
      <Filter>源文件\_private</Filter>
    </ClCompile>
    <ClCompile Include="..\..\..\source\GCore\gtcpsocket_ex.cpp">
      <Filter>源文件\_private</Filter>
    </ClCompile>
    <ClCompile Include="..\..\..\source\GCore\gtextfile_ex.cpp">
      <Filter>源文件\_private</Filter>
    </ClCompile>
    <ClCompile Include="..\..\..\source\GCore\gudpsocket_ex.cpp">
      <Filter>源文件\_private</Filter>
    </ClCompile>
    <ClCompile Include="..\..\..\source\GCore\gmemory.cpp">
      <Filter>源文件\global</Filter>
    </ClCompile>
    <ClCompile Include="..\..\..\source\GCore\gblock.cpp">
      <Filter>源文件\tool</Filter>
    </ClCompile>
    <ClCompile Include="..\..\..\source\GCore\gvariety.cpp">
      <Filter>源文件\tool</Filter>
    </ClCompile>
    <ClCompile Include="..\..\..\source\GCore\gbytes.cpp">
      <Filter>源文件\string</Filter>
    </ClCompile>
    <ClCompile Include="..\..\..\source\GCore\gstringpool.cpp">
      <Filter>源文件\string</Filter>
    </ClCompile>
    <ClCompile Include="..\..\..\source\GCore\grunnable.cpp">
      <Filter>源文件\thread</Filter>
    </ClCompile>
    <ClCompile Include="..\..\..\source\GCore\gthread.cpp">
      <Filter>源文件\thread</Filter>
    </ClCompile>
    <ClCompile Include="..\..\..\source\GCore\gstopwatch.cpp">
      <Filter>源文件\time</Filter>
    </ClCompile>
    <ClCompile Include="..\..\..\source\GCore\gdatetime.cpp">
      <Filter>源文件\time</Filter>
    </ClCompile>
    <ClCompile Include="..\..\..\source\GCore\gdate.cpp">
      <Filter>源文件\time</Filter>
    </ClCompile>
    <ClCompile Include="..\..\..\source\GCore\gtime.cpp">
      <Filter>源文件\time</Filter>
    </ClCompile>
    <ClCompile Include="..\..\..\source\GCore\gcstring.cpp">
      <Filter>源文件\utility</Filter>
    </ClCompile>
    <ClCompile Include="..\..\..\source\GCore\gsocketaddress.cpp">
      <Filter>源文件\net</Filter>
    </ClCompile>
    <ClCompile Include="..\..\..\source\GCore\gbinfile.cpp">
      <Filter>源文件\tool</Filter>
    </ClCompile>
    <ClCompile Include="..\..\..\source\GCore\gbinfile_ex.cpp">
      <Filter>源文件\_private</Filter>
    </ClCompile>
    <ClCompile Include="..\..\..\source\GCore\gserializable.cpp">
      <Filter>源文件\serialization</Filter>
    </ClCompile>
    <ClCompile Include="..\..\..\source\GCore\gexception.cpp">
      <Filter>源文件\exception</Filter>
    </ClCompile>
    <ClCompile Include="..\..\..\source\GCore\gsystemexception.cpp">
      <Filter>源文件\exception</Filter>
    </ClCompile>
    <ClCompile Include="..\..\..\source\GCore\goutofmemoryexception.cpp">
      <Filter>源文件\exception</Filter>
    </ClCompile>
    <ClCompile Include="..\..\..\source\GCore\gstring8.cpp">
      <Filter>源文件\string</Filter>
    </ClCompile>
  </ItemGroup>
  <ItemGroup>
    <None Include="..\..\..\include\GCore\gallocator.inl">
      <Filter>头文件\_inline</Filter>
    </None>
    <None Include="..\..\..\include\GCore\garray.inl">
      <Filter>头文件\_inline</Filter>
    </None>
    <None Include="..\..\..\include\GCore\garrayqueue.inl">
      <Filter>头文件\_inline</Filter>
    </None>
    <None Include="..\..\..\include\GCore\garraystack.inl">
      <Filter>头文件\_inline</Filter>
    </None>
    <None Include="..\..\..\include\GCore\gatom.inl">
      <Filter>头文件\_inline</Filter>
    </None>
    <None Include="..\..\..\include\GCore\gbytes.inl">
      <Filter>头文件\_inline</Filter>
    </None>
    <None Include="..\..\..\include\GCore\gconstructor.inl">
      <Filter>头文件\_inline</Filter>
    </None>
    <None Include="..\..\..\include\GCore\gdynamicarray.inl">
      <Filter>头文件\_inline</Filter>
    </None>
    <None Include="..\..\..\include\GCore\gendian.inl">
      <Filter>头文件\_inline</Filter>
    </None>
    <None Include="..\..\..\include\GCore\ghashtable.inl">
      <Filter>头文件\_inline</Filter>
    </None>
    <None Include="..\..\..\include\GCore\ghuffmantree.inl">
      <Filter>头文件\_inline</Filter>
    </None>
    <None Include="..\..\..\include\GCore\glist.inl">
      <Filter>头文件\_inline</Filter>
    </None>
    <None Include="..\..\..\include\GCore\glistqueue.inl">
      <Filter>头文件\_inline</Filter>
    </None>
    <None Include="..\..\..\include\GCore\gliststack.inl">
      <Filter>头文件\_inline</Filter>
    </None>
    <None Include="..\..\..\include\GCore\glockguard.inl">
      <Filter>头文件\_inline</Filter>
    </None>
    <None Include="..\..\..\include\GCore\gmath.inl">
      <Filter>头文件\_inline</Filter>
    </None>
    <None Include="..\..\..\include\GCore\gnew.inl">
      <Filter>头文件\_inline</Filter>
    </None>
    <None Include="..\..\..\include\GCore\gorderset.inl">
      <Filter>头文件\_inline</Filter>
    </None>
    <None Include="..\..\..\include\GCore\gpackage.inl">
      <Filter>头文件\_inline</Filter>
    </None>
    <None Include="..\..\..\include\GCore\grtree.inl">
      <Filter>头文件\_inline</Filter>
    </None>
    <None Include="..\..\..\include\GCore\gseries.inl">
      <Filter>头文件\_inline</Filter>
    </None>
    <None Include="..\..\..\include\GCore\gsort.inl">
      <Filter>头文件\_inline</Filter>
    </None>
    <None Include="..\..\..\include\GCore\gstaticarray.inl">
      <Filter>头文件\_inline</Filter>
    </None>
    <None Include="..\..\..\include\GCore\gtable.inl">
      <Filter>头文件\_inline</Filter>
    </None>
    <None Include="..\..\..\include\GCore\gtuple.inl">
      <Filter>头文件\_inline</Filter>
    </None>
    <None Include="..\..\..\include\GCore\gunordermap.inl">
      <Filter>头文件\_inline</Filter>
    </None>
    <None Include="..\..\..\include\GCore\gunorderset.inl">
      <Filter>头文件\_inline</Filter>
    </None>
    <None Include="..\..\..\include\GCore\gutility.inl">
      <Filter>头文件\_inline</Filter>
    </None>
    <None Include="..\..\..\include\GCore\gvariant.inl">
      <Filter>头文件\_inline</Filter>
    </None>
    <None Include="..\..\..\include\GCore\gvariety.inl">
      <Filter>头文件\_inline</Filter>
    </None>
    <None Include="..\..\..\include\GCore\gvector.inl">
      <Filter>头文件\_inline</Filter>
    </None>
    <None Include="..\..\..\include\GCore\garrays.inl">
      <Filter>头文件\_inline</Filter>
    </None>
    <None Include="..\..\..\include\GCore\gdeque.inl">
      <Filter>头文件\_inline</Filter>
    </None>
    <None Include="..\..\..\include\GCore\gbtree.inl">
      <Filter>头文件\_inline</Filter>
    </None>
    <None Include="..\..\..\include\GCore\ggraph.inl">
      <Filter>头文件\_inline</Filter>
    </None>
    <None Include="..\..\..\include\GCore\gserialize.inl">
      <Filter>头文件\_inline</Filter>
    </None>
    <None Include="..\..\..\include\GCore\gbinheap.inl">
      <Filter>头文件\_inline</Filter>
    </None>
    <None Include="..\..\..\include\GCore\gbintree.inl">
      <Filter>头文件\_inline</Filter>
    </None>
    <None Include="..\..\..\include\GCore\grbtree.inl">
      <Filter>头文件\_inline</Filter>
    </None>
    <None Include="..\..\..\include\GCore\gbstree.inl">
      <Filter>头文件\_inline</Filter>
    </None>
    <None Include="..\..\..\include\GCore\gstruct.inl">
      <Filter>头文件\_inline</Filter>
    </None>
    <None Include="..\..\..\include\GCore\gclist.inl">
      <Filter>头文件\_inline</Filter>
    </None>
    <None Include="..\..\..\include\GCore\gslist.inl">
      <Filter>头文件\_inline</Filter>
    </None>
    <None Include="..\..\..\include\GCore\gdlist.inl">
      <Filter>头文件\_inline</Filter>
    </None>
    <None Include="..\..\..\include\GCore\gmempool.inl">
      <Filter>头文件\_inline</Filter>
    </None>
    <None Include="..\..\..\include\GCore\gsharedptr.inl">
      <Filter>头文件\_inline</Filter>
    </None>
    <None Include="..\..\..\include\GCore\guniqueptr.inl">
      <Filter>头文件\_inline</Filter>
    </None>
    <None Include="..\..\..\include\GCore\grefcounter.inl">
      <Filter>头文件\_inline</Filter>
    </None>
    <None Include="..\..\..\include\GCore\gstringlist.inl">
      <Filter>头文件\_inline</Filter>
    </None>
    <None Include="..\..\..\include\GCore\gbasestring.inl">
      <Filter>头文件\_inline</Filter>
    </None>
    <None Include="..\..\..\include\GCore\gsortedmap.inl">
      <Filter>头文件\_inline</Filter>
    </None>
  </ItemGroup>
</Project>