<?xml version="1.0" encoding="utf-8"?>
<Project ToolsVersion="4.0" xmlns="http://schemas.microsoft.com/developer/msbuild/2003">
  <ItemGroup>
    <Filter Include="源文件">
      <UniqueIdentifier>{4FC737F1-C7A5-4376-A066-2A32D752A2FF}</UniqueIdentifier>
      <Extensions>cpp;c;cc;cxx;def;odl;idl;hpj;bat;asm;asmx</Extensions>
    </Filter>
    <Filter Include="头文件">
      <UniqueIdentifier>{93995380-89BD-4b04-88EB-625FBE52EBFB}</UniqueIdentifier>
      <Extensions>h;hh;hpp;hxx;hm;inl;inc;xsd</Extensions>
    </Filter>
    <Filter Include="资源文件">
      <UniqueIdentifier>{67DA6AB6-F800-4c08-8B7A-83BB121AAD01}</UniqueIdentifier>
      <Extensions>rc;ico;cur;bmp;dlg;rc2;rct;bin;rgs;gif;jpg;jpeg;jpe;resx;tiff;tif;png;wav;mfcribbon-ms</Extensions>
    </Filter>
    <Filter Include="头文件\_private">
      <UniqueIdentifier>{9f46160c-c248-41bd-9865-308a6251fa33}</UniqueIdentifier>
    </Filter>
    <Filter Include="源文件\_private">
      <UniqueIdentifier>{763a9b99-6529-4a8d-ab9c-91b2699e2847}</UniqueIdentifier>
    </Filter>
    <Filter Include="源文件\_thirds">
      <UniqueIdentifier>{8d5ca92e-1cdb-46a2-a647-2ef02cae0979}</UniqueIdentifier>
    </Filter>
    <Filter Include="头文件\_thirds">
      <UniqueIdentifier>{e6fecc52-0e8e-4ed9-aeeb-003ec70d9455}</UniqueIdentifier>
    </Filter>
    <Filter Include="头文件\_inline">
      <UniqueIdentifier>{db5f1c4b-0335-4e9a-87be-2a8f20ae2584}</UniqueIdentifier>
    </Filter>
    <Filter Include="头文件\exception">
      <UniqueIdentifier>{606bbb14-59b7-4cc3-b626-b752fd3602ed}</UniqueIdentifier>
    </Filter>
    <Filter Include="头文件\file">
      <UniqueIdentifier>{32f05e04-6142-40bf-bfc7-b2fd288690f2}</UniqueIdentifier>
    </Filter>
    <Filter Include="头文件\global">
      <UniqueIdentifier>{a52604e8-0bdf-4d9c-ac13-2dadcc9e4691}</UniqueIdentifier>
    </Filter>
    <Filter Include="头文件\net">
      <UniqueIdentifier>{3ff3dc84-26c3-4762-8d6b-955856a6a630}</UniqueIdentifier>
    </Filter>
    <Filter Include="头文件\package">
      <UniqueIdentifier>{5051c812-484c-4efe-ac43-14156acb198d}</UniqueIdentifier>
    </Filter>
    <Filter Include="头文件\pattern">
      <UniqueIdentifier>{087959c5-fcd7-4766-9afa-ff103fa1e8d0}</UniqueIdentifier>
    </Filter>
    <Filter Include="头文件\serialization">
      <UniqueIdentifier>{81a561ff-f8d4-418c-8163-2eb3b378a738}</UniqueIdentifier>
    </Filter>
    <Filter Include="头文件\string">
      <UniqueIdentifier>{57aef0c1-ef25-4eb4-bf4f-becad0fc1416}</UniqueIdentifier>
    </Filter>
    <Filter Include="头文件\structure">
      <UniqueIdentifier>{83ca5347-1b9d-4f77-b41c-c66fc4a31a0d}</UniqueIdentifier>
    </Filter>
    <Filter Include="头文件\template">
      <UniqueIdentifier>{a048f02d-61f7-4bd6-8c49-f33a100f051d}</UniqueIdentifier>
    </Filter>
    <Filter Include="头文件\thread">
      <UniqueIdentifier>{8aa84173-66c3-4a8e-9b2c-c2098fbcd20d}</UniqueIdentifier>
    </Filter>
    <Filter Include="头文件\time">
      <UniqueIdentifier>{8abf84c8-4ba8-4a84-a921-ea9923650bef}</UniqueIdentifier>
    </Filter>
    <Filter Include="头文件\tool">
      <UniqueIdentifier>{1d442519-a6c1-41ba-bef2-5f09661e83b2}</UniqueIdentifier>
    </Filter>
    <Filter Include="头文件\utility">
      <UniqueIdentifier>{f79428c8-39f2-4c2f-9a2f-5c56ed33116e}</UniqueIdentifier>
    </Filter>
    <Filter Include="源文件\exception">
      <UniqueIdentifier>{1be601c9-ca32-4d99-beaa-d13b192e83cf}</UniqueIdentifier>
    </Filter>
    <Filter Include="源文件\global">
      <UniqueIdentifier>{28f440d1-1aad-4501-bca8-0cc244512cf3}</UniqueIdentifier>
    </Filter>
    <Filter Include="源文件\net">
      <UniqueIdentifier>{9dea15f7-bbf3-47ac-aa23-3f743d682dc5}</UniqueIdentifier>
    </Filter>
    <Filter Include="源文件\package">
      <UniqueIdentifier>{0503ffbe-d709-4af1-89d3-1f728a999d53}</UniqueIdentifier>
    </Filter>
    <Filter Include="源文件\string">
      <UniqueIdentifier>{e336a447-2bd8-4c68-a1d3-7aa5ab00e7aa}</UniqueIdentifier>
    </Filter>
    <Filter Include="源文件\template">
      <UniqueIdentifier>{19e68479-25cf-4bdf-bfae-92b3c796ca2a}</UniqueIdentifier>
    </Filter>
    <Filter Include="源文件\thread">
      <UniqueIdentifier>{4d31afef-c4e1-4565-bde1-a96591576f97}</UniqueIdentifier>
    </Filter>
    <Filter Include="源文件\time">
      <UniqueIdentifier>{81cbbc17-01b4-49f7-9aa4-29d9cb6022cc}</UniqueIdentifier>
    </Filter>
    <Filter Include="源文件\tool">
      <UniqueIdentifier>{68fc5468-82fa-4da5-aa97-b579a67420fd}</UniqueIdentifier>
    </Filter>
    <Filter Include="源文件\utility">
      <UniqueIdentifier>{ab25b991-b54f-4ad4-9d3c-ba0a9a648cc0}</UniqueIdentifier>
    </Filter>
  </ItemGroup>
  <ItemGroup>
    <ClInclude Include="..\..\..\thirds\gcore\dlmalloc.h">
      <Filter>头文件\_thirds</Filter>
    </ClInclude>
    <ClInclude Include="..\..\..\include\gcore\gtype.h">
      <Filter>头文件\global</Filter>
    </ClInclude>
    <ClInclude Include="..\..\..\include\gcore\gnew.h">
      <Filter>头文件\global</Filter>
    </ClInclude>
    <ClInclude Include="..\..\..\include\gcore\gobject.h">
      <Filter>头文件\global</Filter>
    </ClInclude>
    <ClInclude Include="..\..\..\include\gcore\gregister.h">
      <Filter>头文件\global</Filter>
    </ClInclude>
    <ClInclude Include="..\..\..\include\gcore\gsocket.h">
      <Filter>头文件\net</Filter>
    </ClInclude>
    <ClInclude Include="..\..\..\include\gcore\gtcpsocket.h">
      <Filter>头文件\net</Filter>
    </ClInclude>
    <ClInclude Include="..\..\..\include\gcore\gudpsocket.h">
      <Filter>头文件\net</Filter>
    </ClInclude>
    <ClInclude Include="..\..\..\include\gcore\gboolean.h">
      <Filter>头文件\package</Filter>
    </ClInclude>
    <ClInclude Include="..\..\..\include\gcore\gbyte.h">
      <Filter>头文件\package</Filter>
    </ClInclude>
    <ClInclude Include="..\..\..\include\gcore\gdoublefloat.h">
      <Filter>头文件\package</Filter>
    </ClInclude>
    <ClInclude Include="..\..\..\include\gcore\ginteger.h">
      <Filter>头文件\package</Filter>
    </ClInclude>
    <ClInclude Include="..\..\..\include\gcore\glongdoublefloat.h">
      <Filter>头文件\package</Filter>
    </ClInclude>
    <ClInclude Include="..\..\..\include\gcore\glonginteger.h">
      <Filter>头文件\package</Filter>
    </ClInclude>
    <ClInclude Include="..\..\..\include\gcore\glonglonginteger.h">
      <Filter>头文件\package</Filter>
    </ClInclude>
    <ClInclude Include="..\..\..\include\gcore\gnumber.h">
      <Filter>头文件\package</Filter>
    </ClInclude>
    <ClInclude Include="..\..\..\include\gcore\gpackage.h">
      <Filter>头文件\package</Filter>
    </ClInclude>
    <ClInclude Include="..\..\..\include\gcore\gshortinteger.h">
      <Filter>头文件\package</Filter>
    </ClInclude>
    <ClInclude Include="..\..\..\include\gcore\gsignedcharacter.h">
      <Filter>头文件\package</Filter>
    </ClInclude>
    <ClInclude Include="..\..\..\include\gcore\gsinglefloat.h">
      <Filter>头文件\package</Filter>
    </ClInclude>
    <ClInclude Include="..\..\..\include\gcore\gfinal.h">
      <Filter>头文件\pattern</Filter>
    </ClInclude>
    <ClInclude Include="..\..\..\include\gcore\gsingleton.h">
      <Filter>头文件\pattern</Filter>
    </ClInclude>
    <ClInclude Include="..\..\..\include\gcore\gwidecharacter.h">
      <Filter>头文件\package</Filter>
    </ClInclude>
    <ClInclude Include="..\..\..\include\gcore\gunsignedsmallinteger.h">
      <Filter>头文件\package</Filter>
    </ClInclude>
    <ClInclude Include="..\..\..\include\gcore\gunsignedshortinteger.h">
      <Filter>头文件\package</Filter>
    </ClInclude>
    <ClInclude Include="..\..\..\include\gcore\gunsignedlonglonginteger.h">
      <Filter>头文件\package</Filter>
    </ClInclude>
    <ClInclude Include="..\..\..\include\gcore\gunsignedlonginteger.h">
      <Filter>头文件\package</Filter>
    </ClInclude>
    <ClInclude Include="..\..\..\include\gcore\gunsignedinteger.h">
      <Filter>头文件\package</Filter>
    </ClInclude>
    <ClInclude Include="..\..\..\include\gcore\gunsignedcharacter.h">
      <Filter>头文件\package</Filter>
    </ClInclude>
    <ClInclude Include="..\..\..\include\gcore\gsmallinteger.h">
      <Filter>头文件\package</Filter>
    </ClInclude>
    <ClInclude Include="..\..\..\include\gcore\garray.h">
      <Filter>头文件\structure</Filter>
    </ClInclude>
    <ClInclude Include="..\..\..\include\gcore\garrayqueue.h">
      <Filter>头文件\structure</Filter>
    </ClInclude>
    <ClInclude Include="..\..\..\include\gcore\garraystack.h">
      <Filter>头文件\structure</Filter>
    </ClInclude>
    <ClInclude Include="..\..\..\include\gcore\gavltree.h">
      <Filter>头文件\structure</Filter>
    </ClInclude>
    <ClInclude Include="..\..\..\include\gcore\gbtree.h">
      <Filter>头文件\structure</Filter>
    </ClInclude>
    <ClInclude Include="..\..\..\include\gcore\gdynamicarray.h">
      <Filter>头文件\structure</Filter>
    </ClInclude>
    <ClInclude Include="..\..\..\include\gcore\ggraph.h">
      <Filter>头文件\structure</Filter>
    </ClInclude>
    <ClInclude Include="..\..\..\include\gcore\ghashtable.h">
      <Filter>头文件\structure</Filter>
    </ClInclude>
    <ClInclude Include="..\..\..\include\gcore\ghuffmantree.h">
      <Filter>头文件\structure</Filter>
    </ClInclude>
    <ClInclude Include="..\..\..\include\gcore\glinkedlist.h">
      <Filter>头文件\structure</Filter>
    </ClInclude>
    <ClInclude Include="..\..\..\include\gcore\glistqueue.h">
      <Filter>头文件\structure</Filter>
    </ClInclude>
    <ClInclude Include="..\..\..\include\gcore\gliststack.h">
      <Filter>头文件\structure</Filter>
    </ClInclude>
    <ClInclude Include="..\..\..\include\gcore\gqueue.h">
      <Filter>头文件\structure</Filter>
    </ClInclude>
    <ClInclude Include="..\..\..\include\gcore\grtree.h">
      <Filter>头文件\structure</Filter>
    </ClInclude>
    <ClInclude Include="..\..\..\include\gcore\gstack.h">
      <Filter>头文件\structure</Filter>
    </ClInclude>
    <ClInclude Include="..\..\..\include\gcore\gstaticarray.h">
      <Filter>头文件\structure</Filter>
    </ClInclude>
    <ClInclude Include="..\..\..\include\gcore\gfunctor.h">
      <Filter>头文件\template</Filter>
    </ClInclude>
    <ClInclude Include="..\..\..\include\gcore\ghash.h">
      <Filter>头文件\template</Filter>
    </ClInclude>
    <ClInclude Include="..\..\..\include\gcore\gtraits.h">
      <Filter>头文件\template</Filter>
    </ClInclude>
    <ClInclude Include="..\..\..\include\gcore\gcriticalsection.h">
      <Filter>头文件\thread</Filter>
    </ClInclude>
    <ClInclude Include="..\..\..\include\gcore\glock.h">
      <Filter>头文件\thread</Filter>
    </ClInclude>
    <ClInclude Include="..\..\..\include\gcore\glockguard.h">
      <Filter>头文件\thread</Filter>
    </ClInclude>
    <ClInclude Include="..\..\..\include\gcore\gmutex.h">
      <Filter>头文件\thread</Filter>
    </ClInclude>
    <ClInclude Include="..\..\..\include\gcore\gsemaphore.h">
      <Filter>头文件\thread</Filter>
    </ClInclude>
    <ClInclude Include="..\..\..\include\gcore\gendian.h">
      <Filter>头文件\utility</Filter>
    </ClInclude>
    <ClInclude Include="..\..\..\include\gcore\gmath.h">
      <Filter>头文件\utility</Filter>
    </ClInclude>
    <ClInclude Include="..\..\..\include\gcore\gsort.h">
      <Filter>头文件\utility</Filter>
    </ClInclude>
    <ClInclude Include="..\..\..\include\gcore\gstdstringhelper.h">
      <Filter>头文件\utility</Filter>
    </ClInclude>
    <ClInclude Include="..\..\..\include\gcore\gblock.h">
      <Filter>头文件\tool</Filter>
    </ClInclude>
    <ClInclude Include="..\..\..\include\gcore\glist.h">
      <Filter>头文件\tool</Filter>
    </ClInclude>
    <ClInclude Include="..\..\..\include\gcore\gmap.h">
      <Filter>头文件\tool</Filter>
    </ClInclude>
    <ClInclude Include="..\..\..\include\gcore\gmultimap.h">
      <Filter>头文件\tool</Filter>
    </ClInclude>
    <ClInclude Include="..\..\..\include\gcore\gmemorystore.h">
      <Filter>头文件\tool</Filter>
    </ClInclude>
    <ClInclude Include="..\..\..\include\gcore\gordermultimap.h">
      <Filter>头文件\tool</Filter>
    </ClInclude>
    <ClInclude Include="..\..\..\include\gcore\gorderset.h">
      <Filter>头文件\tool</Filter>
    </ClInclude>
    <ClInclude Include="..\..\..\include\gcore\gset.h">
      <Filter>头文件\tool</Filter>
    </ClInclude>
    <ClInclude Include="..\..\..\include\gcore\gunordermap.h">
      <Filter>头文件\tool</Filter>
    </ClInclude>
    <ClInclude Include="..\..\..\include\gcore\gunordermultimap.h">
      <Filter>头文件\tool</Filter>
    </ClInclude>
    <ClInclude Include="..\..\..\include\gcore\gunorderset.h">
      <Filter>头文件\tool</Filter>
    </ClInclude>
    <ClInclude Include="..\..\..\include\gcore\gvector.h">
      <Filter>头文件\tool</Filter>
    </ClInclude>
    <ClInclude Include="..\..\..\private\gcore\gfile_ex.h">
      <Filter>头文件\_private</Filter>
    </ClInclude>
    <ClInclude Include="..\..\..\private\gcore\gjsonparser.h">
      <Filter>头文件\_private</Filter>
    </ClInclude>
    <ClInclude Include="..\..\..\private\gcore\gsockaddress_ex.h">
      <Filter>头文件\_private</Filter>
    </ClInclude>
    <ClInclude Include="..\..\..\private\gcore\gsocket_ex.h">
      <Filter>头文件\_private</Filter>
    </ClInclude>
    <ClInclude Include="..\..\..\private\gcore\gtcpsocket_ex.h">
      <Filter>头文件\_private</Filter>
    </ClInclude>
    <ClInclude Include="..\..\..\private\gcore\gtextfile_ex.h">
      <Filter>头文件\_private</Filter>
    </ClInclude>
    <ClInclude Include="..\..\..\private\gcore\gudpsocket_ex.h">
      <Filter>头文件\_private</Filter>
    </ClInclude>
    <ClInclude Include="..\..\..\include\gcore\gevent.h">
      <Filter>头文件\thread</Filter>
    </ClInclude>
    <ClInclude Include="..\..\..\include\gcore\gnocopyable.h">
      <Filter>头文件\pattern</Filter>
    </ClInclude>
    <ClInclude Include="..\..\..\include\gcore\gnomoveable.h">
      <Filter>头文件\pattern</Filter>
    </ClInclude>
    <ClInclude Include="..\..\..\include\gcore\gallocator.h">
      <Filter>头文件\template</Filter>
    </ClInclude>
    <ClInclude Include="..\..\..\include\gcore\gconstructor.h">
      <Filter>头文件\template</Filter>
    </ClInclude>
    <ClInclude Include="..\..\..\include\gcore\gmemory.h">
      <Filter>头文件\global</Filter>
    </ClInclude>
    <ClInclude Include="..\..\..\include\gcore\gatom.h">
      <Filter>头文件\utility</Filter>
    </ClInclude>
    <ClInclude Include="..\..\..\include\gcore\gvariety.h">
      <Filter>头文件\tool</Filter>
    </ClInclude>
    <ClInclude Include="..\..\..\include\gcore\gvariant.h">
      <Filter>头文件\tool</Filter>
    </ClInclude>
    <ClInclude Include="..\..\..\include\gcore\gbytes.h">
      <Filter>头文件\string</Filter>
    </ClInclude>
    <ClInclude Include="..\..\..\include\gcore\gstringlist.h">
      <Filter>头文件\string</Filter>
    </ClInclude>
    <ClInclude Include="..\..\..\include\gcore\gstringpool.h">
      <Filter>头文件\string</Filter>
    </ClInclude>
    <ClInclude Include="..\..\..\include\gcore\gbitset.h">
      <Filter>头文件\tool</Filter>
    </ClInclude>
    <ClInclude Include="..\..\..\include\gcore\gfunctional.h">
      <Filter>头文件\template</Filter>
    </ClInclude>
    <ClInclude Include="..\..\..\include\gcore\gutility.h">
      <Filter>头文件\template</Filter>
    </ClInclude>
    <ClInclude Include="..\..\..\include\gcore\gseries.h">
      <Filter>头文件\string</Filter>
    </ClInclude>
    <ClInclude Include="..\..\..\include\gcore\gseriespool.h">
      <Filter>头文件\string</Filter>
    </ClInclude>
    <ClInclude Include="..\..\..\include\gcore\grunnable.h">
      <Filter>头文件\thread</Filter>
    </ClInclude>
    <ClInclude Include="..\..\..\include\gcore\gthread.h">
      <Filter>头文件\thread</Filter>
    </ClInclude>
    <ClInclude Include="..\..\..\include\gcore\gtuple.h">
      <Filter>头文件\template</Filter>
    </ClInclude>
    <ClInclude Include="..\..\..\include\gcore\gfile.h">
      <Filter>头文件\file</Filter>
    </ClInclude>
    <ClInclude Include="..\..\..\include\gcore\gdate.h">
      <Filter>头文件\time</Filter>
    </ClInclude>
    <ClInclude Include="..\..\..\include\gcore\gdatetime.h">
      <Filter>头文件\time</Filter>
    </ClInclude>
    <ClInclude Include="..\..\..\include\gcore\gpath.h">
      <Filter>头文件\file</Filter>
    </ClInclude>
    <ClInclude Include="..\..\..\include\gcore\gstopwatch.h">
      <Filter>头文件\time</Filter>
    </ClInclude>
    <ClInclude Include="..\..\..\include\gcore\gtime.h">
      <Filter>头文件\time</Filter>
    </ClInclude>
    <ClInclude Include="..\..\..\include\gcore\gtimer.h">
      <Filter>头文件\time</Filter>
    </ClInclude>
    <ClInclude Include="..\..\..\include\gcore\gtextfile.h">
      <Filter>头文件\file</Filter>
    </ClInclude>
    <ClInclude Include="..\..\..\include\gcore\ginitializerlist.h">
      <Filter>头文件\template</Filter>
    </ClInclude>
    <ClInclude Include="..\..\..\include\gcore\gtable.h">
      <Filter>头文件\structure</Filter>
    </ClInclude>
    <ClInclude Include="..\..\..\include\gcore\garrays.h">
      <Filter>头文件\utility</Filter>
    </ClInclude>
    <ClInclude Include="..\..\..\include\gcore\gstring16.h">
      <Filter>头文件\string</Filter>
    </ClInclude>
    <ClInclude Include="..\..\..\include\gcore\gstring32.h">
      <Filter>头文件\string</Filter>
    </ClInclude>
    <ClInclude Include="..\..\..\include\gcore\gcstring.h">
      <Filter>头文件\utility</Filter>
    </ClInclude>
    <ClInclude Include="..\..\..\include\gcore\gdeque.h">
      <Filter>头文件\structure</Filter>
    </ClInclude>
    <ClInclude Include="..\..\..\include\gcore\gtrietree.h">
      <Filter>头文件\structure</Filter>
    </ClInclude>
    <ClInclude Include="..\..\..\include\gcore\gversion.h">
      <Filter>头文件\global</Filter>
    </ClInclude>
    <ClInclude Include="..\..\..\include\gcore\garchive.h">
      <Filter>头文件\tool</Filter>
    </ClInclude>
    <ClInclude Include="..\..\..\include\gcore\gdtdef.h">
      <Filter>头文件\time</Filter>
    </ClInclude>
    <ClInclude Include="..\..\..\include\gcore\gbinheap.h">
      <Filter>头文件\structure</Filter>
    </ClInclude>
    <ClInclude Include="..\..\..\include\gcore\gbintree.h">
      <Filter>头文件\structure</Filter>
    </ClInclude>
    <ClInclude Include="..\..\..\include\gcore\grbtree.h">
      <Filter>头文件\structure</Filter>
    </ClInclude>
    <ClInclude Include="..\..\..\include\gcore\gbstree.h">
      <Filter>头文件\structure</Filter>
    </ClInclude>
    <ClInclude Include="..\..\..\include\gcore\gstruct.h">
      <Filter>头文件\structure</Filter>
    </ClInclude>
    <ClInclude Include="..\..\..\include\gcore\gclist.h">
      <Filter>头文件\structure</Filter>
    </ClInclude>
    <ClInclude Include="..\..\..\include\gcore\gslist.h">
      <Filter>头文件\structure</Filter>
    </ClInclude>
    <ClInclude Include="..\..\..\include\gcore\gdlist.h">
      <Filter>头文件\structure</Filter>
    </ClInclude>
    <ClInclude Include="..\..\..\include\gcore\gmacro.h">
      <Filter>头文件\global</Filter>
    </ClInclude>
    <ClInclude Include="..\..\..\include\gcore\gsocketaddress.h">
      <Filter>头文件\net</Filter>
    </ClInclude>
    <ClInclude Include="..\..\..\include\gcore\gbinfile.h">
      <Filter>头文件\file</Filter>
    </ClInclude>
    <ClInclude Include="..\..\..\private\gcore\gbinfile_ex.h">
      <Filter>头文件\_private</Filter>
    </ClInclude>
    <ClInclude Include="..\..\..\include\gcore\gserializable.h">
      <Filter>头文件\serialization</Filter>
    </ClInclude>
    <ClInclude Include="..\..\..\include\gcore\gserialize.h">
      <Filter>头文件\serialization</Filter>
    </ClInclude>
    <ClInclude Include="..\..\..\include\gcore\gglobal.h">
      <Filter>头文件\global</Filter>
    </ClInclude>
    <ClInclude Include="..\..\..\include\gcore\gclasscode.h">
      <Filter>头文件\serialization</Filter>
    </ClInclude>
    <ClInclude Include="..\..\..\include\gcore\gmempool.h">
      <Filter>头文件\tool</Filter>
    </ClInclude>
    <ClInclude Include="..\..\..\include\gcore\gsharedptr.h">
      <Filter>头文件\tool</Filter>
    </ClInclude>
    <ClInclude Include="..\..\..\include\gcore\guniqueptr.h">
      <Filter>头文件\tool</Filter>
    </ClInclude>
    <ClInclude Include="..\..\..\include\gcore\gweakptr.h">
      <Filter>头文件\tool</Filter>
    </ClInclude>
    <ClInclude Include="..\..\..\include\gcore\grefcounter.h">
      <Filter>头文件\tool</Filter>
    </ClInclude>
    <ClInclude Include="..\..\..\include\gcore\gexception.h">
      <Filter>头文件\exception</Filter>
    </ClInclude>
    <ClInclude Include="..\..\..\include\gcore\goutofmemoryexception.h">
      <Filter>头文件\exception</Filter>
    </ClInclude>
    <ClInclude Include="..\..\..\include\gcore\goutofrangeexception.h">
      <Filter>头文件\exception</Filter>
    </ClInclude>
    <ClInclude Include="..\..\..\include\gcore\gsystemexception.h">
      <Filter>头文件\exception</Filter>
    </ClInclude>
    <ClInclude Include="..\..\..\include\gcore\gexceptdef.h">
      <Filter>头文件\exception</Filter>
    </ClInclude>
    <ClInclude Include="..\..\..\include\gcore\gunclassifiedexception.h">
      <Filter>头文件\exception</Filter>
    </ClInclude>
    <ClInclude Include="..\..\..\include\gcore\gstring8.h">
      <Filter>头文件\string</Filter>
    </ClInclude>
    <ClInclude Include="..\..\..\include\gcore\gstring.h">
      <Filter>头文件\string</Filter>
    </ClInclude>
    <ClInclude Include="..\..\..\include\gcore\gbasestring.h">
      <Filter>头文件\string</Filter>
    </ClInclude>
    <ClInclude Include="..\..\..\include\gcore\gsortedmap.h">
      <Filter>头文件\tool</Filter>
    </ClInclude>
    <ClInclude Include="..\..\..\include\gcore\gcharacter.h">
      <Filter>头文件\package</Filter>
    </ClInclude>
    <ClInclude Include="..\..\..\include\gcore\grwlock.h">
      <Filter>头文件\thread</Filter>
    </ClInclude>
    <ClInclude Include="..\..\..\include\gcore\giterator.h">
      <Filter>头文件\structure</Filter>
    </ClInclude>
    <ClInclude Include="..\..\..\include\gcore\gstrings.h">
      <Filter>头文件\string</Filter>
    </ClInclude>
    <ClInclude Include="..\..\..\include\gcore\gserializationexception.h">
      <Filter>头文件\exception</Filter>
    </ClInclude>
  </ItemGroup>
  <ItemGroup>
    <ClCompile Include="..\..\..\source\gcore\dlmalloc.c">
      <Filter>源文件\_thirds</Filter>
    </ClCompile>
    <ClCompile Include="..\..\..\source\gcore\gobject.cpp">
      <Filter>源文件\global</Filter>
    </ClCompile>
    <ClCompile Include="..\..\..\source\gcore\gregister.cpp">
      <Filter>源文件\template</Filter>
    </ClCompile>
    <ClCompile Include="..\..\..\source\gcore\gsocket.cpp">
      <Filter>源文件\net</Filter>
    </ClCompile>
    <ClCompile Include="..\..\..\source\gcore\gtcpsocket.cpp">
      <Filter>源文件\net</Filter>
    </ClCompile>
    <ClCompile Include="..\..\..\source\gcore\gudpsocket.cpp">
      <Filter>源文件\net</Filter>
    </ClCompile>
    <ClCompile Include="..\..\..\source\gcore\gboolean.cpp">
      <Filter>源文件\package</Filter>
    </ClCompile>
    <ClCompile Include="..\..\..\source\gcore\gbyte.cpp">
      <Filter>源文件\package</Filter>
    </ClCompile>
    <ClCompile Include="..\..\..\source\gcore\gcharacter.cpp">
      <Filter>源文件\package</Filter>
    </ClCompile>
    <ClCompile Include="..\..\..\source\gcore\gdoublefloat.cpp">
      <Filter>源文件\package</Filter>
    </ClCompile>
    <ClCompile Include="..\..\..\source\gcore\ginteger.cpp">
      <Filter>源文件\package</Filter>
    </ClCompile>
    <ClCompile Include="..\..\..\source\gcore\glongdoublefloat.cpp">
      <Filter>源文件\package</Filter>
    </ClCompile>
    <ClCompile Include="..\..\..\source\gcore\glonginteger.cpp">
      <Filter>源文件\package</Filter>
    </ClCompile>
    <ClCompile Include="..\..\..\source\gcore\glonglonginteger.cpp">
      <Filter>源文件\package</Filter>
    </ClCompile>
    <ClCompile Include="..\..\..\source\gcore\gshortinteger.cpp">
      <Filter>源文件\package</Filter>
    </ClCompile>
    <ClCompile Include="..\..\..\source\gcore\gsignedcharacter.cpp">
      <Filter>源文件\package</Filter>
    </ClCompile>
    <ClCompile Include="..\..\..\source\gcore\gsinglefloat.cpp">
      <Filter>源文件\package</Filter>
    </ClCompile>
    <ClCompile Include="..\..\..\source\gcore\gwidecharacter.cpp">
      <Filter>源文件\package</Filter>
    </ClCompile>
    <ClCompile Include="..\..\..\source\gcore\gunsignedsmallinteger.cpp">
      <Filter>源文件\package</Filter>
    </ClCompile>
    <ClCompile Include="..\..\..\source\gcore\gunsignedshortinteger.cpp">
      <Filter>源文件\package</Filter>
    </ClCompile>
    <ClCompile Include="..\..\..\source\gcore\gunsignedlonglonginteger.cpp">
      <Filter>源文件\package</Filter>
    </ClCompile>
    <ClCompile Include="..\..\..\source\gcore\gunsignedlonginteger.cpp">
      <Filter>源文件\package</Filter>
    </ClCompile>
    <ClCompile Include="..\..\..\source\gcore\gunsignedinteger.cpp">
      <Filter>源文件\package</Filter>
    </ClCompile>
    <ClCompile Include="..\..\..\source\gcore\gunsignedcharacter.cpp">
      <Filter>源文件\package</Filter>
    </ClCompile>
    <ClCompile Include="..\..\..\source\gcore\gsmallinteger.cpp">
      <Filter>源文件\package</Filter>
    </ClCompile>
    <ClCompile Include="..\..\..\source\gcore\ghash.cpp">
      <Filter>源文件\template</Filter>
    </ClCompile>
    <ClCompile Include="..\..\..\source\gcore\gendian.cpp">
      <Filter>源文件\utility</Filter>
    </ClCompile>
    <ClCompile Include="..\..\..\source\gcore\gmath.cpp">
      <Filter>源文件\utility</Filter>
    </ClCompile>
    <ClCompile Include="..\..\..\source\gcore\gstdstringhelper.cpp">
      <Filter>源文件\utility</Filter>
    </ClCompile>
    <ClCompile Include="..\..\..\source\gcore\gcriticalsection.cpp">
      <Filter>源文件\thread</Filter>
    </ClCompile>
    <ClCompile Include="..\..\..\source\gcore\gsemaphore.cpp">
      <Filter>源文件\thread</Filter>
    </ClCompile>
    <ClCompile Include="..\..\..\source\gcore\gmutex.cpp">
      <Filter>源文件\thread</Filter>
    </ClCompile>
    <ClCompile Include="..\..\..\source\gcore\gfile.cpp">
      <Filter>源文件\tool</Filter>
    </ClCompile>
    <ClCompile Include="..\..\..\source\gcore\gmemorystore.cpp">
      <Filter>源文件\tool</Filter>
    </ClCompile>
    <ClCompile Include="..\..\..\source\gcore\gpath.cpp">
      <Filter>源文件\tool</Filter>
    </ClCompile>
    <ClCompile Include="..\..\..\source\gcore\gtextfile.cpp">
      <Filter>源文件\tool</Filter>
    </ClCompile>
    <ClCompile Include="..\..\..\source\gcore\gfile_ex.cpp">
      <Filter>源文件\_private</Filter>
    </ClCompile>
    <ClCompile Include="..\..\..\source\gcore\gsockaddress_ex.cpp">
      <Filter>源文件\_private</Filter>
    </ClCompile>
    <ClCompile Include="..\..\..\source\gcore\gsocket_ex.cpp">
      <Filter>源文件\_private</Filter>
    </ClCompile>
    <ClCompile Include="..\..\..\source\gcore\gtcpsocket_ex.cpp">
      <Filter>源文件\_private</Filter>
    </ClCompile>
    <ClCompile Include="..\..\..\source\gcore\gtextfile_ex.cpp">
      <Filter>源文件\_private</Filter>
    </ClCompile>
    <ClCompile Include="..\..\..\source\gcore\gudpsocket_ex.cpp">
      <Filter>源文件\_private</Filter>
    </ClCompile>
    <ClCompile Include="..\..\..\source\gcore\gmemory.cpp">
      <Filter>源文件\global</Filter>
    </ClCompile>
    <ClCompile Include="..\..\..\source\gcore\gblock.cpp">
      <Filter>源文件\tool</Filter>
    </ClCompile>
    <ClCompile Include="..\..\..\source\gcore\gvariety.cpp">
      <Filter>源文件\tool</Filter>
    </ClCompile>
    <ClCompile Include="..\..\..\source\gcore\gbytes.cpp">
      <Filter>源文件\string</Filter>
    </ClCompile>
    <ClCompile Include="..\..\..\source\gcore\gstringpool.cpp">
      <Filter>源文件\string</Filter>
    </ClCompile>
    <ClCompile Include="..\..\..\source\gcore\grunnable.cpp">
      <Filter>源文件\thread</Filter>
    </ClCompile>
    <ClCompile Include="..\..\..\source\gcore\gthread.cpp">
      <Filter>源文件\thread</Filter>
    </ClCompile>
    <ClCompile Include="..\..\..\source\gcore\gstopwatch.cpp">
      <Filter>源文件\time</Filter>
    </ClCompile>
    <ClCompile Include="..\..\..\source\gcore\gdatetime.cpp">
      <Filter>源文件\time</Filter>
    </ClCompile>
    <ClCompile Include="..\..\..\source\gcore\gdate.cpp">
      <Filter>源文件\time</Filter>
    </ClCompile>
    <ClCompile Include="..\..\..\source\gcore\gtime.cpp">
      <Filter>源文件\time</Filter>
    </ClCompile>
    <ClCompile Include="..\..\..\source\gcore\gcstring.cpp">
      <Filter>源文件\utility</Filter>
    </ClCompile>
    <ClCompile Include="..\..\..\source\gcore\gsocketaddress.cpp">
      <Filter>源文件\net</Filter>
    </ClCompile>
    <ClCompile Include="..\..\..\source\gcore\gbinfile.cpp">
      <Filter>源文件\tool</Filter>
    </ClCompile>
    <ClCompile Include="..\..\..\source\gcore\gbinfile_ex.cpp">
      <Filter>源文件\_private</Filter>
    </ClCompile>
    <ClCompile Include="..\..\..\source\gcore\gexception.cpp">
      <Filter>源文件\exception</Filter>
    </ClCompile>
    <ClCompile Include="..\..\..\source\gcore\gsystemexception.cpp">
      <Filter>源文件\exception</Filter>
    </ClCompile>
    <ClCompile Include="..\..\..\source\gcore\goutofmemoryexception.cpp">
      <Filter>源文件\exception</Filter>
    </ClCompile>
    <ClCompile Include="..\..\..\source\gcore\gstring8.cpp">
      <Filter>源文件\string</Filter>
    </ClCompile>
    <ClCompile Include="..\..\..\source\gcore\gstring16.cpp">
      <Filter>源文件\string</Filter>
    </ClCompile>
  </ItemGroup>
  <ItemGroup>
    <None Include="..\..\..\include\gcore\inline\gallocator.inl">
      <Filter>头文件\_inline</Filter>
    </None>
    <None Include="..\..\..\include\gcore\inline\garray.inl">
      <Filter>头文件\_inline</Filter>
    </None>
    <None Include="..\..\..\include\gcore\inline\garrayqueue.inl">
      <Filter>头文件\_inline</Filter>
    </None>
    <None Include="..\..\..\include\gcore\inline\garrays.inl">
      <Filter>头文件\_inline</Filter>
    </None>
    <None Include="..\..\..\include\gcore\inline\garraystack.inl">
      <Filter>头文件\_inline</Filter>
    </None>
    <None Include="..\..\..\include\gcore\inline\gatom.inl">
      <Filter>头文件\_inline</Filter>
    </None>
    <None Include="..\..\..\include\gcore\inline\gbasestring.inl">
      <Filter>头文件\_inline</Filter>
    </None>
    <None Include="..\..\..\include\gcore\inline\gbinheap.inl">
      <Filter>头文件\_inline</Filter>
    </None>
    <None Include="..\..\..\include\gcore\inline\gbintree.inl">
      <Filter>头文件\_inline</Filter>
    </None>
    <None Include="..\..\..\include\gcore\inline\gbstree.inl">
      <Filter>头文件\_inline</Filter>
    </None>
    <None Include="..\..\..\include\gcore\inline\gbtree.inl">
      <Filter>头文件\_inline</Filter>
    </None>
    <None Include="..\..\..\include\gcore\inline\gbytes.inl">
      <Filter>头文件\_inline</Filter>
    </None>
    <None Include="..\..\..\include\gcore\inline\gclist.inl">
      <Filter>头文件\_inline</Filter>
    </None>
    <None Include="..\..\..\include\gcore\inline\gconstructor.inl">
      <Filter>头文件\_inline</Filter>
    </None>
    <None Include="..\..\..\include\gcore\inline\gdeque.inl">
      <Filter>头文件\_inline</Filter>
    </None>
    <None Include="..\..\..\include\gcore\inline\gdlist.inl">
      <Filter>头文件\_inline</Filter>
    </None>
    <None Include="..\..\..\include\gcore\inline\gdynamicarray.inl">
      <Filter>头文件\_inline</Filter>
    </None>
    <None Include="..\..\..\include\gcore\inline\gendian.inl">
      <Filter>头文件\_inline</Filter>
    </None>
    <None Include="..\..\..\include\gcore\inline\ggraph.inl">
      <Filter>头文件\_inline</Filter>
    </None>
    <None Include="..\..\..\include\gcore\inline\ghash.inl">
      <Filter>头文件\_inline</Filter>
    </None>
    <None Include="..\..\..\include\gcore\inline\ghashtable.inl">
      <Filter>头文件\_inline</Filter>
    </None>
    <None Include="..\..\..\include\gcore\inline\ghuffmantree.inl">
      <Filter>头文件\_inline</Filter>
    </None>
    <None Include="..\..\..\include\gcore\inline\glist.inl">
      <Filter>头文件\_inline</Filter>
    </None>
    <None Include="..\..\..\include\gcore\inline\glistqueue.inl">
      <Filter>头文件\_inline</Filter>
    </None>
    <None Include="..\..\..\include\gcore\inline\gliststack.inl">
      <Filter>头文件\_inline</Filter>
    </None>
    <None Include="..\..\..\include\gcore\inline\glockguard.inl">
      <Filter>头文件\_inline</Filter>
    </None>
    <None Include="..\..\..\include\gcore\inline\gmath.inl">
      <Filter>头文件\_inline</Filter>
    </None>
    <None Include="..\..\..\include\gcore\inline\gmempool.inl">
      <Filter>头文件\_inline</Filter>
    </None>
    <None Include="..\..\..\include\gcore\inline\gnew.inl">
      <Filter>头文件\_inline</Filter>
    </None>
    <None Include="..\..\..\include\gcore\inline\gorderset.inl">
      <Filter>头文件\_inline</Filter>
    </None>
    <None Include="..\..\..\include\gcore\inline\gpackage.inl">
      <Filter>头文件\_inline</Filter>
    </None>
    <None Include="..\..\..\include\gcore\inline\grbtree.inl">
      <Filter>头文件\_inline</Filter>
    </None>
    <None Include="..\..\..\include\gcore\inline\grefcounter.inl">
      <Filter>头文件\_inline</Filter>
    </None>
    <None Include="..\..\..\include\gcore\inline\grtree.inl">
      <Filter>头文件\_inline</Filter>
    </None>
    <None Include="..\..\..\include\gcore\inline\gserialize.inl">
      <Filter>头文件\_inline</Filter>
    </None>
    <None Include="..\..\..\include\gcore\inline\gseries.inl">
      <Filter>头文件\_inline</Filter>
    </None>
    <None Include="..\..\..\include\gcore\inline\gsharedptr.inl">
      <Filter>头文件\_inline</Filter>
    </None>
    <None Include="..\..\..\include\gcore\inline\gslist.inl">
      <Filter>头文件\_inline</Filter>
    </None>
    <None Include="..\..\..\include\gcore\inline\gsort.inl">
      <Filter>头文件\_inline</Filter>
    </None>
    <None Include="..\..\..\include\gcore\inline\gsortedmap.inl">
      <Filter>头文件\_inline</Filter>
    </None>
    <None Include="..\..\..\include\gcore\inline\gstaticarray.inl">
      <Filter>头文件\_inline</Filter>
    </None>
    <None Include="..\..\..\include\gcore\inline\gstringlist.inl">
      <Filter>头文件\_inline</Filter>
    </None>
    <None Include="..\..\..\include\gcore\inline\gstruct.inl">
      <Filter>头文件\_inline</Filter>
    </None>
    <None Include="..\..\..\include\gcore\inline\gtable.inl">
      <Filter>头文件\_inline</Filter>
    </None>
    <None Include="..\..\..\include\gcore\inline\gtuple.inl">
      <Filter>头文件\_inline</Filter>
    </None>
    <None Include="..\..\..\include\gcore\inline\guniqueptr.inl">
      <Filter>头文件\_inline</Filter>
    </None>
    <None Include="..\..\..\include\gcore\inline\gunordermap.inl">
      <Filter>头文件\_inline</Filter>
    </None>
    <None Include="..\..\..\include\gcore\inline\gunorderset.inl">
      <Filter>头文件\_inline</Filter>
    </None>
    <None Include="..\..\..\include\gcore\inline\gutility.inl">
      <Filter>头文件\_inline</Filter>
    </None>
    <None Include="..\..\..\include\gcore\inline\gvariant.inl">
      <Filter>头文件\_inline</Filter>
    </None>
    <None Include="..\..\..\include\gcore\inline\gvariety.inl">
      <Filter>头文件\_inline</Filter>
    </None>
    <None Include="..\..\..\include\gcore\inline\gvector.inl">
      <Filter>头文件\_inline</Filter>
    </None>
    <None Include="..\..\..\include\gcore\inline\glinkedlist.inl">
      <Filter>头文件\_inline</Filter>
    </None>
    <None Include="..\..\..\include\gcore\inline\gfunctor.inl">
      <Filter>头文件\_inline</Filter>
    </None>
  </ItemGroup>
</Project>