<?xml version="1.0" encoding="utf-8"?>
<Project ToolsVersion="4.0" xmlns="http://schemas.microsoft.com/developer/msbuild/2003">
  <ItemGroup>
    <Filter Include="源文件">
      <UniqueIdentifier>{4FC737F1-C7A5-4376-A066-2A32D752A2FF}</UniqueIdentifier>
      <Extensions>cpp;c;cc;cxx;def;odl;idl;hpj;bat;asm;asmx</Extensions>
    </Filter>
    <Filter Include="头文件">
      <UniqueIdentifier>{93995380-89BD-4b04-88EB-625FBE52EBFB}</UniqueIdentifier>
      <Extensions>h;hh;hpp;hxx;hm;inl;inc;xsd</Extensions>
    </Filter>
    <Filter Include="资源文件">
      <UniqueIdentifier>{67DA6AB6-F800-4c08-8B7A-83BB121AAD01}</UniqueIdentifier>
      <Extensions>rc;ico;cur;bmp;dlg;rc2;rct;bin;rgs;gif;jpg;jpeg;jpe;resx;tiff;tif;png;wav;mfcribbon-ms</Extensions>
    </Filter>
    <Filter Include="头文件\Global">
      <UniqueIdentifier>{a52604e8-0bdf-4d9c-ac13-2dadcc9e4691}</UniqueIdentifier>
    </Filter>
    <Filter Include="头文件\_private">
      <UniqueIdentifier>{9f46160c-c248-41bd-9865-308a6251fa33}</UniqueIdentifier>
    </Filter>
    <Filter Include="源文件\_private">
      <UniqueIdentifier>{763a9b99-6529-4a8d-ab9c-91b2699e2847}</UniqueIdentifier>
    </Filter>
    <Filter Include="头文件\Utility">
      <UniqueIdentifier>{f79428c8-39f2-4c2f-9a2f-5c56ed33116e}</UniqueIdentifier>
    </Filter>
    <Filter Include="源文件\Utility">
      <UniqueIdentifier>{ab25b991-b54f-4ad4-9d3c-ba0a9a648cc0}</UniqueIdentifier>
    </Filter>
    <Filter Include="头文件\Number">
      <UniqueIdentifier>{7c872e24-75f4-4dcf-b851-a822c134b2a5}</UniqueIdentifier>
    </Filter>
    <Filter Include="头文件\Thread">
      <UniqueIdentifier>{8aa84173-66c3-4a8e-9b2c-c2098fbcd20d}</UniqueIdentifier>
    </Filter>
    <Filter Include="头文件\Socket">
      <UniqueIdentifier>{3ff3dc84-26c3-4762-8d6b-955856a6a630}</UniqueIdentifier>
    </Filter>
    <Filter Include="源文件\Socket">
      <UniqueIdentifier>{9dea15f7-bbf3-47ac-aa23-3f743d682dc5}</UniqueIdentifier>
    </Filter>
    <Filter Include="源文件\Thread">
      <UniqueIdentifier>{4d31afef-c4e1-4565-bde1-a96591576f97}</UniqueIdentifier>
    </Filter>
    <Filter Include="头文件\Table">
      <UniqueIdentifier>{62c68275-69f7-49b7-a2e2-e462dcfd6a85}</UniqueIdentifier>
    </Filter>
    <Filter Include="头文件\Container">
      <UniqueIdentifier>{00bf05dc-42bc-4ed1-94fd-a67546ac959d}</UniqueIdentifier>
    </Filter>
    <Filter Include="头文件\Algorithm">
      <UniqueIdentifier>{8c06657f-d4ae-4ffa-95fd-c511947cebd1}</UniqueIdentifier>
    </Filter>
    <Filter Include="头文件\Algorithm\Structure">
      <UniqueIdentifier>{83ca5347-1b9d-4f77-b41c-c66fc4a31a0d}</UniqueIdentifier>
    </Filter>
    <Filter Include="源文件\Global">
      <UniqueIdentifier>{28f440d1-1aad-4501-bca8-0cc244512cf3}</UniqueIdentifier>
    </Filter>
    <Filter Include="源文件\Algorithm">
      <UniqueIdentifier>{38c39005-d465-4696-b57f-ea56d527838a}</UniqueIdentifier>
    </Filter>
    <Filter Include="源文件\Algorithm\Structure">
      <UniqueIdentifier>{045ae1c4-49f8-4ef1-9d46-d58494869a98}</UniqueIdentifier>
    </Filter>
    <Filter Include="头文件\Algorithm\Structure\Tree">
      <UniqueIdentifier>{56556b69-a8cc-4b83-ab06-b3d86c0ffe22}</UniqueIdentifier>
    </Filter>
    <Filter Include="头文件\Memory">
      <UniqueIdentifier>{b5520bd9-742b-4636-a4a2-4fb27f2e6bc5}</UniqueIdentifier>
    </Filter>
    <Filter Include="源文件\Memory">
      <UniqueIdentifier>{803bc837-3161-4f45-870b-283933bf67f7}</UniqueIdentifier>
    </Filter>
  </ItemGroup>
  <ItemGroup>
    <ClInclude Include="..\..\..\include\CsCore\CsLogger.h">
      <Filter>头文件</Filter>
    </ClInclude>
    <ClInclude Include="..\..\..\include\CsCore\CsString.h">
      <Filter>头文件</Filter>
    </ClInclude>
    <ClInclude Include="..\..\..\private\CsCore\CsObject_Private.h">
      <Filter>头文件\_private</Filter>
    </ClInclude>
    <ClInclude Include="..\..\..\private\CsCore\CsString_Private.h">
      <Filter>头文件\_private</Filter>
    </ClInclude>
    <ClInclude Include="..\..\..\include\CsCore\CsDefine.h">
      <Filter>头文件\Global</Filter>
    </ClInclude>
    <ClInclude Include="..\..\..\include\CsCore\CsGlobal.h">
      <Filter>头文件\Global</Filter>
    </ClInclude>
    <ClInclude Include="..\..\..\include\CsCore\CsType.h">
      <Filter>头文件\Global</Filter>
    </ClInclude>
    <ClInclude Include="..\..\..\private\CsCore\CsThread_Private.h">
      <Filter>头文件\_private</Filter>
    </ClInclude>
    <ClInclude Include="..\..\..\private\CsCore\CsMutex_Private.h">
      <Filter>头文件\_private</Filter>
    </ClInclude>
    <ClInclude Include="..\..\..\include\CsCore\CsEndian.h">
      <Filter>头文件\Utility</Filter>
    </ClInclude>
    <ClInclude Include="..\..\..\include\CsCore\CsMath.h">
      <Filter>头文件\Utility</Filter>
    </ClInclude>
    <ClInclude Include="..\..\..\private\CsCore\CsSemaphore_Private.h">
      <Filter>头文件\_private</Filter>
    </ClInclude>
    <ClInclude Include="..\..\..\include\CsCore\CsCoreGlobal.h">
      <Filter>头文件</Filter>
    </ClInclude>
    <ClInclude Include="..\..\..\private\CsCore\CsTcpSocket_Private.h">
      <Filter>头文件\_private</Filter>
    </ClInclude>
    <ClInclude Include="..\..\..\private\CsCore\CsUdpSocket_Private.h">
      <Filter>头文件\_private</Filter>
    </ClInclude>
    <ClInclude Include="..\..\..\include\CsCore\CsThread.h">
      <Filter>头文件\Thread</Filter>
    </ClInclude>
    <ClInclude Include="..\..\..\include\CsCore\CsMutex.h">
      <Filter>头文件\Thread</Filter>
    </ClInclude>
    <ClInclude Include="..\..\..\include\CsCore\CsAutoLock.h">
      <Filter>头文件\Thread</Filter>
    </ClInclude>
    <ClInclude Include="..\..\..\include\CsCore\CsSemaphore.h">
      <Filter>头文件\Thread</Filter>
    </ClInclude>
    <ClInclude Include="..\..\..\include\CsCore\CsSocket.h">
      <Filter>头文件\Socket</Filter>
    </ClInclude>
    <ClInclude Include="..\..\..\include\CsCore\CsTcpSocket.h">
      <Filter>头文件\Socket</Filter>
    </ClInclude>
    <ClInclude Include="..\..\..\include\CsCore\CsUdpSocket.h">
      <Filter>头文件\Socket</Filter>
    </ClInclude>
    <ClInclude Include="..\..\..\include\CsCore\CsVector.h">
      <Filter>头文件\Container</Filter>
    </ClInclude>
    <ClInclude Include="..\..\..\include\CsCore\CsSort.h">
      <Filter>头文件\Algorithm</Filter>
    </ClInclude>
    <ClInclude Include="..\..\..\include\CsCore\CsArray.h">
      <Filter>头文件\Algorithm\Structure</Filter>
    </ClInclude>
    <ClInclude Include="..\..\..\include\CsCore\CsDecimal.h">
      <Filter>头文件\Number</Filter>
    </ClInclude>
    <ClInclude Include="..\..\..\private\CsCore\CsSocket_Private.h">
      <Filter>头文件\_private</Filter>
    </ClInclude>
    <ClInclude Include="..\..\..\include\CsCore\CsSList.h">
      <Filter>头文件\Algorithm\Structure</Filter>
    </ClInclude>
    <ClInclude Include="..\..\..\include\CsCore\CsSockAddr.h">
      <Filter>头文件\Socket</Filter>
    </ClInclude>
    <ClInclude Include="..\..\..\private\CsCore\CsSockAddr_Private.h">
      <Filter>头文件\_private</Filter>
    </ClInclude>
    <ClInclude Include="..\..\..\include\CsCore\CsLStack.h">
      <Filter>头文件\Algorithm\Structure</Filter>
    </ClInclude>
    <ClInclude Include="..\..\..\include\CsCore\CsAStack.h">
      <Filter>头文件\Algorithm\Structure</Filter>
    </ClInclude>
    <ClInclude Include="..\..\..\include\CsCore\CsDList.h">
      <Filter>头文件\Algorithm\Structure</Filter>
    </ClInclude>
    <ClInclude Include="..\..\..\include\CsCore\CsCList.h">
      <Filter>头文件\Algorithm\Structure</Filter>
    </ClInclude>
    <ClInclude Include="..\..\..\include\CsCore\CsObject.h">
      <Filter>头文件\Global</Filter>
    </ClInclude>
    <ClInclude Include="..\..\..\include\CsCore\CsMap.h">
      <Filter>头文件\Container</Filter>
    </ClInclude>
    <ClInclude Include="..\..\..\include\CsCore\CsTemplate.h">
      <Filter>头文件\Global</Filter>
    </ClInclude>
    <ClInclude Include="..\..\..\include\CsCore\CsBSTree.h">
      <Filter>头文件\Algorithm\Structure\Tree</Filter>
    </ClInclude>
    <ClInclude Include="..\..\..\include\CsCore\CsRBTree.h">
      <Filter>头文件\Algorithm\Structure\Tree</Filter>
    </ClInclude>
    <ClInclude Include="..\..\..\include\CsCore\CsBinTree.h">
      <Filter>头文件\Algorithm\Structure\Tree</Filter>
    </ClInclude>
    <ClInclude Include="..\..\..\include\CsCore\CsBTree.h">
      <Filter>头文件\Algorithm\Structure\Tree</Filter>
    </ClInclude>
    <ClInclude Include="..\..\..\include\CsCore\CsVariant.h">
      <Filter>头文件</Filter>
    </ClInclude>
    <ClInclude Include="..\..\..\private\CsCore\CsVariant_Private.h">
      <Filter>头文件\_private</Filter>
    </ClInclude>
    <ClInclude Include="..\..\..\include\CsCore\CsMemBlock.h">
      <Filter>头文件\Memory</Filter>
    </ClInclude>
    <ClInclude Include="..\..\..\include\CsCore\CsMemPool.h">
      <Filter>头文件\Memory</Filter>
    </ClInclude>
    <ClInclude Include="..\..\..\include\CsCore\CsNumber.h">
      <Filter>头文件</Filter>
    </ClInclude>
    <ClInclude Include="..\..\..\include\CsCore\CsBytes.h">
      <Filter>头文件</Filter>
    </ClInclude>
    <ClInclude Include="..\..\..\private\CsCore\CsBytes_Private.h">
      <Filter>头文件\_private</Filter>
    </ClInclude>
    <ClInclude Include="..\..\..\include\CsCore\CsCriticalSection.h">
      <Filter>头文件\Thread</Filter>
    </ClInclude>
    <ClInclude Include="..\..\..\private\CsCore\CsCriticalSection_Private.h">
      <Filter>头文件\_private</Filter>
    </ClInclude>
    <ClInclude Include="..\..\..\include\CsCore\CsTable.h">
      <Filter>头文件\Table</Filter>
    </ClInclude>
  </ItemGroup>
  <ItemGroup>
    <ClCompile Include="..\..\..\source\CsCore\CsString.cpp">
      <Filter>源文件</Filter>
    </ClCompile>
    <ClCompile Include="..\..\..\source\CsCore\CsObject_Private.cpp">
      <Filter>源文件\_private</Filter>
    </ClCompile>
    <ClCompile Include="..\..\..\source\CsCore\CsString_Private.cpp">
      <Filter>源文件\_private</Filter>
    </ClCompile>
    <ClCompile Include="..\..\..\source\CsCore\CsThread_Private_Win32.cpp">
      <Filter>源文件\_private</Filter>
    </ClCompile>
    <ClCompile Include="..\..\..\source\CsCore\CsMutex_Private_Win32.cpp">
      <Filter>源文件\_private</Filter>
    </ClCompile>
    <ClCompile Include="..\..\..\source\CsCore\CsEndian.cpp">
      <Filter>源文件\Utility</Filter>
    </ClCompile>
    <ClCompile Include="..\..\..\source\CsCore\CsMath.cpp">
      <Filter>源文件\Utility</Filter>
    </ClCompile>
    <ClCompile Include="..\..\..\source\CsCore\CsSemaphore_Private_Win32.cpp">
      <Filter>源文件\_private</Filter>
    </ClCompile>
    <ClCompile Include="..\..\..\source\CsCore\CsUdpSocket_Private.cpp">
      <Filter>源文件\_private</Filter>
    </ClCompile>
    <ClCompile Include="..\..\..\source\CsCore\CsTcpSocket_Private.cpp">
      <Filter>源文件\_private</Filter>
    </ClCompile>
    <ClCompile Include="..\..\..\source\CsCore\CsSocket_Private.cpp">
      <Filter>源文件\_private</Filter>
    </ClCompile>
    <ClCompile Include="..\..\..\source\CsCore\CsSocket.cpp">
      <Filter>源文件\Socket</Filter>
    </ClCompile>
    <ClCompile Include="..\..\..\source\CsCore\CsUdpSocket.cpp">
      <Filter>源文件\Socket</Filter>
    </ClCompile>
    <ClCompile Include="..\..\..\source\CsCore\CsTcpSocket.cpp">
      <Filter>源文件\Socket</Filter>
    </ClCompile>
    <ClCompile Include="..\..\..\source\CsCore\CsThread.cpp">
      <Filter>源文件\Thread</Filter>
    </ClCompile>
    <ClCompile Include="..\..\..\source\CsCore\CsMutex.cpp">
      <Filter>源文件\Thread</Filter>
    </ClCompile>
    <ClCompile Include="..\..\..\source\CsCore\CsSemaphore.cpp">
      <Filter>源文件\Thread</Filter>
    </ClCompile>
    <ClCompile Include="..\..\..\source\CsCore\CsSockAddr_Private.cpp">
      <Filter>源文件\_private</Filter>
    </ClCompile>
    <ClCompile Include="..\..\..\source\CsCore\CsSockAddr.cpp">
      <Filter>源文件\Socket</Filter>
    </ClCompile>
    <ClCompile Include="..\..\..\source\CsCore\CsObject.cpp">
      <Filter>源文件\Global</Filter>
    </ClCompile>
    <ClCompile Include="..\..\..\source\CsCore\CsSort.cpp">
      <Filter>源文件\Algorithm</Filter>
    </ClCompile>
    <ClCompile Include="..\..\..\source\CsCore\CsVariant_Private.cpp">
      <Filter>源文件\_private</Filter>
    </ClCompile>
    <ClCompile Include="..\..\..\source\CsCore\CsVariant.cpp">
      <Filter>源文件</Filter>
    </ClCompile>
    <ClCompile Include="..\..\..\source\CsCore\CsMemPool.cpp">
      <Filter>源文件\Memory</Filter>
    </ClCompile>
    <ClCompile Include="..\..\..\source\CsCore\CsMemBlock.cpp">
      <Filter>源文件\Memory</Filter>
    </ClCompile>
    <ClCompile Include="..\..\..\source\CsCore\CsBytes_Private.cpp">
      <Filter>源文件\_private</Filter>
    </ClCompile>
    <ClCompile Include="..\..\..\source\CsCore\CsBytes.cpp">
      <Filter>源文件</Filter>
    </ClCompile>
    <ClCompile Include="..\..\..\source\CsCore\CsCriticalSection.cpp">
      <Filter>源文件\Thread</Filter>
    </ClCompile>
    <ClCompile Include="..\..\..\source\CsCore\CsCriticalSection_Private_Win32.cpp">
      <Filter>源文件\_private</Filter>
    </ClCompile>
  </ItemGroup>
</Project>