<?xml version="1.0" encoding="utf-8"?>
<Project ToolsVersion="4.0" xmlns="http://schemas.microsoft.com/developer/msbuild/2003">
  <ItemGroup>
    <Filter Include="源文件">
      <UniqueIdentifier>{4FC737F1-C7A5-4376-A066-2A32D752A2FF}</UniqueIdentifier>
      <Extensions>cpp;c;cc;cxx;def;odl;idl;hpj;bat;asm;asmx</Extensions>
    </Filter>
    <Filter Include="头文件">
      <UniqueIdentifier>{93995380-89BD-4b04-88EB-625FBE52EBFB}</UniqueIdentifier>
      <Extensions>h;hh;hpp;hxx;hm;inl;inc;xsd</Extensions>
    </Filter>
    <Filter Include="资源文件">
      <UniqueIdentifier>{67DA6AB6-F800-4c08-8B7A-83BB121AAD01}</UniqueIdentifier>
      <Extensions>rc;ico;cur;bmp;dlg;rc2;rct;bin;rgs;gif;jpg;jpeg;jpe;resx;tiff;tif;png;wav;mfcribbon-ms</Extensions>
    </Filter>
    <Filter Include="头文件\Global">
      <UniqueIdentifier>{a52604e8-0bdf-4d9c-ac13-2dadcc9e4691}</UniqueIdentifier>
    </Filter>
    <Filter Include="头文件\_private">
      <UniqueIdentifier>{9f46160c-c248-41bd-9865-308a6251fa33}</UniqueIdentifier>
    </Filter>
    <Filter Include="源文件\_private">
      <UniqueIdentifier>{763a9b99-6529-4a8d-ab9c-91b2699e2847}</UniqueIdentifier>
    </Filter>
    <Filter Include="头文件\Utility">
      <UniqueIdentifier>{f79428c8-39f2-4c2f-9a2f-5c56ed33116e}</UniqueIdentifier>
    </Filter>
    <Filter Include="源文件\Utility">
      <UniqueIdentifier>{ab25b991-b54f-4ad4-9d3c-ba0a9a648cc0}</UniqueIdentifier>
    </Filter>
    <Filter Include="头文件\Thread">
      <UniqueIdentifier>{8aa84173-66c3-4a8e-9b2c-c2098fbcd20d}</UniqueIdentifier>
    </Filter>
    <Filter Include="源文件\Thread">
      <UniqueIdentifier>{4d31afef-c4e1-4565-bde1-a96591576f97}</UniqueIdentifier>
    </Filter>
    <Filter Include="源文件\Global">
      <UniqueIdentifier>{28f440d1-1aad-4501-bca8-0cc244512cf3}</UniqueIdentifier>
    </Filter>
    <Filter Include="头文件\Tool">
      <UniqueIdentifier>{1d442519-a6c1-41ba-bef2-5f09661e83b2}</UniqueIdentifier>
    </Filter>
    <Filter Include="源文件\Tool">
      <UniqueIdentifier>{68fc5468-82fa-4da5-aa97-b579a67420fd}</UniqueIdentifier>
    </Filter>
    <Filter Include="头文件\Structure">
      <UniqueIdentifier>{83ca5347-1b9d-4f77-b41c-c66fc4a31a0d}</UniqueIdentifier>
    </Filter>
    <Filter Include="源文件\_thirds">
      <UniqueIdentifier>{8d5ca92e-1cdb-46a2-a647-2ef02cae0979}</UniqueIdentifier>
    </Filter>
    <Filter Include="头文件\_thirds">
      <UniqueIdentifier>{e6fecc52-0e8e-4ed9-aeeb-003ec70d9455}</UniqueIdentifier>
    </Filter>
    <Filter Include="头文件\Template">
      <UniqueIdentifier>{a048f02d-61f7-4bd6-8c49-f33a100f051d}</UniqueIdentifier>
    </Filter>
    <Filter Include="头文件\Net">
      <UniqueIdentifier>{3ff3dc84-26c3-4762-8d6b-955856a6a630}</UniqueIdentifier>
    </Filter>
    <Filter Include="源文件\Net">
      <UniqueIdentifier>{9dea15f7-bbf3-47ac-aa23-3f743d682dc5}</UniqueIdentifier>
    </Filter>
    <Filter Include="头文件\Package">
      <UniqueIdentifier>{5051c812-484c-4efe-ac43-14156acb198d}</UniqueIdentifier>
    </Filter>
    <Filter Include="源文件\Package">
      <UniqueIdentifier>{0503ffbe-d709-4af1-89d3-1f728a999d53}</UniqueIdentifier>
    </Filter>
    <Filter Include="源文件\Template">
      <UniqueIdentifier>{19e68479-25cf-4bdf-bfae-92b3c796ca2a}</UniqueIdentifier>
    </Filter>
    <Filter Include="头文件\_inline">
      <UniqueIdentifier>{db5f1c4b-0335-4e9a-87be-2a8f20ae2584}</UniqueIdentifier>
    </Filter>
    <Filter Include="头文件\Pattern">
      <UniqueIdentifier>{087959c5-fcd7-4766-9afa-ff103fa1e8d0}</UniqueIdentifier>
    </Filter>
    <Filter Include="头文件\Json">
      <UniqueIdentifier>{fb346320-596c-4403-942e-e4a5166dec78}</UniqueIdentifier>
    </Filter>
    <Filter Include="头文件\Application">
      <UniqueIdentifier>{5f98c0c4-ed1c-44ae-957d-3f3d2dcd45bd}</UniqueIdentifier>
    </Filter>
    <Filter Include="头文件\Xml">
      <UniqueIdentifier>{e174cf53-bdb6-454f-918f-e15034a39c6d}</UniqueIdentifier>
    </Filter>
  </ItemGroup>
  <ItemGroup>
    <ClInclude Include="..\..\..\include\CsCore\CsDefine.h">
      <Filter>头文件\Global</Filter>
    </ClInclude>
    <ClInclude Include="..\..\..\include\CsCore\CsGlobal.h">
      <Filter>头文件\Global</Filter>
    </ClInclude>
    <ClInclude Include="..\..\..\include\CsCore\CsType.h">
      <Filter>头文件\Global</Filter>
    </ClInclude>
    <ClInclude Include="..\..\..\include\CsCore\CsThread.h">
      <Filter>头文件\Thread</Filter>
    </ClInclude>
    <ClInclude Include="..\..\..\include\CsCore\CsMutex.h">
      <Filter>头文件\Thread</Filter>
    </ClInclude>
    <ClInclude Include="..\..\..\include\CsCore\CsSemaphore.h">
      <Filter>头文件\Thread</Filter>
    </ClInclude>
    <ClInclude Include="..\..\..\include\CsCore\CsSocket.h">
      <Filter>头文件\Net</Filter>
    </ClInclude>
    <ClInclude Include="..\..\..\include\CsCore\CsTcpSocket.h">
      <Filter>头文件\Net</Filter>
    </ClInclude>
    <ClInclude Include="..\..\..\include\CsCore\CsUdpSocket.h">
      <Filter>头文件\Net</Filter>
    </ClInclude>
    <ClInclude Include="..\..\..\include\CsCore\CsObject.h">
      <Filter>头文件\Global</Filter>
    </ClInclude>
    <ClInclude Include="..\..\..\include\CsCore\CsCriticalSection.h">
      <Filter>头文件\Thread</Filter>
    </ClInclude>
    <ClInclude Include="..\..\..\include\CsCore\CsDateTime.h">
      <Filter>头文件\Tool</Filter>
    </ClInclude>
    <ClInclude Include="..\..\..\include\CsCore\CsDate.h">
      <Filter>头文件\Tool</Filter>
    </ClInclude>
    <ClInclude Include="..\..\..\include\CsCore\CsTime.h">
      <Filter>头文件\Tool</Filter>
    </ClInclude>
    <ClInclude Include="..\..\..\include\CsCore\CsHashTable.h">
      <Filter>头文件\Structure</Filter>
    </ClInclude>
    <ClInclude Include="..\..\..\include\CsCore\CsString.h">
      <Filter>头文件\Tool</Filter>
    </ClInclude>
    <ClInclude Include="..\..\..\include\CsCore\CsBytes.h">
      <Filter>头文件\Tool</Filter>
    </ClInclude>
    <ClInclude Include="..\..\..\include\CsCore\CsVariant.h">
      <Filter>头文件\Tool</Filter>
    </ClInclude>
    <ClInclude Include="..\..\..\include\CsCore\CsAtomic.h">
      <Filter>头文件\Thread</Filter>
    </ClInclude>
    <ClInclude Include="..\..\..\include\CsCore\CsLock.h">
      <Filter>头文件\Thread</Filter>
    </ClInclude>
    <ClInclude Include="..\..\..\private\CsCore\CsStringPool_Ex.h">
      <Filter>头文件\_private</Filter>
    </ClInclude>
    <ClInclude Include="..\..\..\private\CsCore\CsGlobal_Ex.h">
      <Filter>头文件\_private</Filter>
    </ClInclude>
    <ClInclude Include="..\..\..\private\CsCore\CsStringList_Ex.h">
      <Filter>头文件\_private</Filter>
    </ClInclude>
    <ClInclude Include="..\..\..\thirds\CsCore\dlmalloc.h">
      <Filter>头文件\_thirds</Filter>
    </ClInclude>
    <ClInclude Include="..\..\..\private\CsCore\CsVariant_Ex.h">
      <Filter>头文件\_private</Filter>
    </ClInclude>
    <ClInclude Include="..\..\..\include\CsCore\CsTraits.h">
      <Filter>头文件\Template</Filter>
    </ClInclude>
    <ClInclude Include="..\..\..\include\CsCore\CsTemplate.h">
      <Filter>头文件\Template</Filter>
    </ClInclude>
    <ClInclude Include="..\..\..\include\CsCore\CsHash.h">
      <Filter>头文件\Template</Filter>
    </ClInclude>
    <ClInclude Include="..\..\..\private\CsCore\CsDateTime_Ex.h">
      <Filter>头文件\_private</Filter>
    </ClInclude>
    <ClInclude Include="..\..\..\include\CsCore\CsReadWriteLock.h">
      <Filter>头文件\Thread</Filter>
    </ClInclude>
    <ClInclude Include="..\..\..\include\CsCore\CsAmazing.h">
      <Filter>头文件</Filter>
    </ClInclude>
    <ClInclude Include="..\..\..\include\CsCore\CsReadBlackTree.h">
      <Filter>头文件\Structure</Filter>
    </ClInclude>
    <ClInclude Include="..\..\..\include\CsCore\CsBinaryTree.h">
      <Filter>头文件\Structure</Filter>
    </ClInclude>
    <ClInclude Include="..\..\..\include\CsCore\CsBinarySortTree.h">
      <Filter>头文件\Structure</Filter>
    </ClInclude>
    <ClInclude Include="..\..\..\include\CsCore\CsBTree.h">
      <Filter>头文件\Structure</Filter>
    </ClInclude>
    <ClInclude Include="..\..\..\include\CsCore\CsArrayStack.h">
      <Filter>头文件\Structure</Filter>
    </ClInclude>
    <ClInclude Include="..\..\..\include\CsCore\CsSingleLinkedList.h">
      <Filter>头文件\Structure</Filter>
    </ClInclude>
    <ClInclude Include="..\..\..\include\CsCore\CsNullLock.h">
      <Filter>头文件\Thread</Filter>
    </ClInclude>
    <ClInclude Include="..\..\..\include\CsCore\CsBlock.h">
      <Filter>头文件\Tool</Filter>
    </ClInclude>
    <ClInclude Include="..\..\..\include\CsCore\CsCircularLinkedList.h">
      <Filter>头文件\Structure</Filter>
    </ClInclude>
    <ClInclude Include="..\..\..\include\CsCore\CsDoubleLinkedList.h">
      <Filter>头文件\Structure</Filter>
    </ClInclude>
    <ClInclude Include="..\..\..\include\CsCore\CsListStack.h">
      <Filter>头文件\Structure</Filter>
    </ClInclude>
    <ClInclude Include="..\..\..\include\CsCore\CsList.h">
      <Filter>头文件\Tool</Filter>
    </ClInclude>
    <ClInclude Include="..\..\..\include\CsCore\CsMap.h">
      <Filter>头文件\Tool</Filter>
    </ClInclude>
    <ClInclude Include="..\..\..\include\CsCore\CsOrderMap.h">
      <Filter>头文件\Tool</Filter>
    </ClInclude>
    <ClInclude Include="..\..\..\include\CsCore\CsOrderSet.h">
      <Filter>头文件\Tool</Filter>
    </ClInclude>
    <ClInclude Include="..\..\..\include\CsCore\CsSet.h">
      <Filter>头文件\Tool</Filter>
    </ClInclude>
    <ClInclude Include="..\..\..\include\CsCore\CsUnorderMap.h">
      <Filter>头文件\Tool</Filter>
    </ClInclude>
    <ClInclude Include="..\..\..\include\CsCore\CsUnorderSet.h">
      <Filter>头文件\Tool</Filter>
    </ClInclude>
    <ClInclude Include="..\..\..\include\CsCore\CsVector.h">
      <Filter>头文件\Tool</Filter>
    </ClInclude>
    <ClInclude Include="..\..\..\include\CsCore\CsSort.h">
      <Filter>头文件\Utility</Filter>
    </ClInclude>
    <ClInclude Include="..\..\..\include\CsCore\CsMemoryPool.h">
      <Filter>头文件\Tool</Filter>
    </ClInclude>
    <ClInclude Include="..\..\..\include\CsCore\CsMemoryStore.h">
      <Filter>头文件\Tool</Filter>
    </ClInclude>
    <ClInclude Include="..\..\..\include\CsCore\CsPointerArray.h">
      <Filter>头文件\Tool</Filter>
    </ClInclude>
    <ClInclude Include="..\..\..\include\CsCore\CsStringPool.h">
      <Filter>头文件\Tool</Filter>
    </ClInclude>
    <ClInclude Include="..\..\..\include\CsCore\CsSharedPointer.h">
      <Filter>头文件\Tool</Filter>
    </ClInclude>
    <ClInclude Include="..\..\..\include\CsCore\CsReferenceCounter.h">
      <Filter>头文件\Tool</Filter>
    </ClInclude>
    <ClInclude Include="..\..\..\include\CsCore\CsUniquePointer.h">
      <Filter>头文件\Tool</Filter>
    </ClInclude>
    <ClInclude Include="..\..\..\include\CsCore\CsWeakPointer.h">
      <Filter>头文件\Tool</Filter>
    </ClInclude>
    <ClInclude Include="..\..\..\include\CsCore\CsRTree.h">
      <Filter>头文件\Structure</Filter>
    </ClInclude>
    <ClInclude Include="..\..\..\include\CsCore\CsGraph.h">
      <Filter>头文件\Structure</Filter>
    </ClInclude>
    <ClInclude Include="..\..\..\private\CsCore\CsSocket_Ex.h">
      <Filter>头文件\_private</Filter>
    </ClInclude>
    <ClInclude Include="..\..\..\include\CsCore\CsSockAddress.h">
      <Filter>头文件\Net</Filter>
    </ClInclude>
    <ClInclude Include="..\..\..\private\CsCore\CsSockAddress_Ex.h">
      <Filter>头文件\_private</Filter>
    </ClInclude>
    <ClInclude Include="..\..\..\private\CsCore\CsTcpSocket_Ex.h">
      <Filter>头文件\_private</Filter>
    </ClInclude>
    <ClInclude Include="..\..\..\private\CsCore\CsUdpSocket_Ex.h">
      <Filter>头文件\_private</Filter>
    </ClInclude>
    <ClInclude Include="..\..\..\include\CsCore\CsPackage.h">
      <Filter>头文件\Package</Filter>
    </ClInclude>
    <ClInclude Include="..\..\..\include\CsCore\CsByte.h">
      <Filter>头文件\Package</Filter>
    </ClInclude>
    <ClInclude Include="..\..\..\include\CsCore\CsBoolean.h">
      <Filter>头文件\Package</Filter>
    </ClInclude>
    <ClInclude Include="..\..\..\include\CsCore\CsCharacter.h">
      <Filter>头文件\Package</Filter>
    </ClInclude>
    <ClInclude Include="..\..\..\include\CsCore\CsSignedCharacter.h">
      <Filter>头文件\Package</Filter>
    </ClInclude>
    <ClInclude Include="..\..\..\include\CsCore\CsUnsignedCharacter.h">
      <Filter>头文件\Package</Filter>
    </ClInclude>
    <ClInclude Include="..\..\..\include\CsCore\CsNumber.h">
      <Filter>头文件\Package</Filter>
    </ClInclude>
    <ClInclude Include="..\..\..\include\CsCore\CsInteger.h">
      <Filter>头文件\Package</Filter>
    </ClInclude>
    <ClInclude Include="..\..\..\include\CsCore\CsUnsignedInteger.h">
      <Filter>头文件\Package</Filter>
    </ClInclude>
    <ClInclude Include="..\..\..\include\CsCore\CsWideCharacter.h">
      <Filter>头文件\Package</Filter>
    </ClInclude>
    <ClInclude Include="..\..\..\include\CsCore\CsSmallInteger.h">
      <Filter>头文件\Package</Filter>
    </ClInclude>
    <ClInclude Include="..\..\..\include\CsCore\CsUnsignedSmallInteger.h">
      <Filter>头文件\Package</Filter>
    </ClInclude>
    <ClInclude Include="..\..\..\include\CsCore\CsShortInteger.h">
      <Filter>头文件\Package</Filter>
    </ClInclude>
    <ClInclude Include="..\..\..\include\CsCore\CsLongInteger.h">
      <Filter>头文件\Package</Filter>
    </ClInclude>
    <ClInclude Include="..\..\..\include\CsCore\CsLongLongInteger.h">
      <Filter>头文件\Package</Filter>
    </ClInclude>
    <ClInclude Include="..\..\..\include\CsCore\CsUnsignedLongInteger.h">
      <Filter>头文件\Package</Filter>
    </ClInclude>
    <ClInclude Include="..\..\..\include\CsCore\CsUnsignedLongLongInteger.h">
      <Filter>头文件\Package</Filter>
    </ClInclude>
    <ClInclude Include="..\..\..\include\CsCore\CsUnsignedShortInteger.h">
      <Filter>头文件\Package</Filter>
    </ClInclude>
    <ClInclude Include="..\..\..\include\CsCore\CsMath.h">
      <Filter>头文件\Utility</Filter>
    </ClInclude>
    <ClInclude Include="..\..\..\include\CsCore\CsEndian.h">
      <Filter>头文件\Utility</Filter>
    </ClInclude>
    <ClInclude Include="..\..\..\include\CsCore\CsCStringHelper.h">
      <Filter>头文件\Utility</Filter>
    </ClInclude>
    <ClInclude Include="..\..\..\include\CsCore\CsStdStringHelper.h">
      <Filter>头文件\Utility</Filter>
    </ClInclude>
    <ClInclude Include="..\..\..\include\CsCore\CsHuffmanTree.h">
      <Filter>头文件\Structure</Filter>
    </ClInclude>
    <ClInclude Include="..\..\..\include\CsCore\CsSingleFloat.h">
      <Filter>头文件\Package</Filter>
    </ClInclude>
    <ClInclude Include="..\..\..\include\CsCore\CsDoubleFloat.h">
      <Filter>头文件\Package</Filter>
    </ClInclude>
    <ClInclude Include="..\..\..\include\CsCore\CsLongDoubleFloat.h">
      <Filter>头文件\Package</Filter>
    </ClInclude>
    <ClInclude Include="..\..\..\include\CsCore\CsMatrix.h">
      <Filter>头文件\Structure</Filter>
    </ClInclude>
    <ClInclude Include="..\..\..\include\CsCore\CsStringList.h">
      <Filter>头文件\Tool</Filter>
    </ClInclude>
    <ClInclude Include="..\..\..\include\CsCore\CsStack.h">
      <Filter>头文件\Structure</Filter>
    </ClInclude>
    <ClInclude Include="..\..\..\include\CsCore\CsFunctor.h">
      <Filter>头文件\Template</Filter>
    </ClInclude>
    <ClInclude Include="..\..\..\include\CsCore\CsStaticArray.h">
      <Filter>头文件\Structure</Filter>
    </ClInclude>
    <ClInclude Include="..\..\..\include\CsCore\CsDynamicArray.h">
      <Filter>头文件\Structure</Filter>
    </ClInclude>
    <ClInclude Include="..\..\..\include\CsCore\CsArray.h">
      <Filter>头文件\Structure</Filter>
    </ClInclude>
    <ClInclude Include="..\..\..\include\CsCore\CsLinkedList.h">
      <Filter>头文件\Structure</Filter>
    </ClInclude>
    <ClInclude Include="..\..\..\include\CsCore\CsSingleton.h">
      <Filter>头文件\Pattern</Filter>
    </ClInclude>
    <ClInclude Include="..\..\..\include\CsCore\CsStructure.h">
      <Filter>头文件\Template</Filter>
    </ClInclude>
    <ClInclude Include="..\..\..\include\CsCore\CsStringStore.h">
      <Filter>头文件\Tool</Filter>
    </ClInclude>
    <ClInclude Include="..\..\..\include\CsCore\CsLockGuard.h">
      <Filter>头文件\Thread</Filter>
    </ClInclude>
    <ClInclude Include="..\..\..\include\CsCore\CsAvlTree.h">
      <Filter>头文件\Structure</Filter>
    </ClInclude>
    <ClInclude Include="..\..\..\include\CsCore\CsBinaryHeap.h">
      <Filter>头文件\Structure</Filter>
    </ClInclude>
    <ClInclude Include="..\..\..\include\CsCore\CsRegister.h">
      <Filter>头文件\Global</Filter>
    </ClInclude>
    <ClInclude Include="..\..\..\include\CsCore\CsSerialize.h">
      <Filter>头文件\Template</Filter>
    </ClInclude>
    <ClInclude Include="..\..\..\include\CsCore\CsJsonArray.h">
      <Filter>头文件\Json</Filter>
    </ClInclude>
    <ClInclude Include="..\..\..\include\CsCore\CsJsonObject.h">
      <Filter>头文件\Json</Filter>
    </ClInclude>
    <ClInclude Include="..\..\..\include\CsCore\CsStringBuffer.h">
      <Filter>头文件\Tool</Filter>
    </ClInclude>
    <ClInclude Include="..\..\..\include\CsCore\CsNew.h">
      <Filter>头文件\Global</Filter>
    </ClInclude>
    <ClInclude Include="..\..\..\private\CsCore\CsFile_Ex.h">
      <Filter>头文件\_private</Filter>
    </ClInclude>
    <ClInclude Include="..\..\..\private\CsCore\CsBinaryFile_Ex.h">
      <Filter>头文件\_private</Filter>
    </ClInclude>
    <ClInclude Include="..\..\..\include\CsCore\CsTextFile.h">
      <Filter>头文件\Tool</Filter>
    </ClInclude>
    <ClInclude Include="..\..\..\include\CsCore\CsBinaryFile.h">
      <Filter>头文件\Tool</Filter>
    </ClInclude>
    <ClInclude Include="..\..\..\include\CsCore\CsFile.h">
      <Filter>头文件\Tool</Filter>
    </ClInclude>
    <ClInclude Include="..\..\..\private\CsCore\CsTextFile_Ex.h">
      <Filter>头文件\_private</Filter>
    </ClInclude>
    <ClInclude Include="..\..\..\include\CsCore\CsJsonValue.h">
      <Filter>头文件\Json</Filter>
    </ClInclude>
    <ClInclude Include="..\..\..\include\CsCore\CsArrayQueue.h">
      <Filter>头文件\Structure</Filter>
    </ClInclude>
    <ClInclude Include="..\..\..\include\CsCore\CsQueue.h">
      <Filter>头文件\Structure</Filter>
    </ClInclude>
    <ClInclude Include="..\..\..\include\CsCore\CsListQueue.h">
      <Filter>头文件\Structure</Filter>
    </ClInclude>
    <ClInclude Include="..\..\..\include\CsCore\CsXmlNode.h">
      <Filter>头文件\Xml</Filter>
    </ClInclude>
    <ClInclude Include="..\..\..\include\CsCore\CsFinal.h">
      <Filter>头文件\Pattern</Filter>
    </ClInclude>
  </ItemGroup>
  <ItemGroup>
    <ClCompile Include="..\..\..\source\CsCore\CsSocket.cpp">
      <Filter>源文件\Net</Filter>
    </ClCompile>
    <ClCompile Include="..\..\..\source\CsCore\CsUdpSocket.cpp">
      <Filter>源文件\Net</Filter>
    </ClCompile>
    <ClCompile Include="..\..\..\source\CsCore\CsTcpSocket.cpp">
      <Filter>源文件\Net</Filter>
    </ClCompile>
    <ClCompile Include="..\..\..\source\CsCore\CsObject.cpp">
      <Filter>源文件\Global</Filter>
    </ClCompile>
    <ClCompile Include="..\..\..\source\CsCore\CsString.cpp">
      <Filter>源文件\Tool</Filter>
    </ClCompile>
    <ClCompile Include="..\..\..\source\CsCore\CsBytes.cpp">
      <Filter>源文件\Tool</Filter>
    </ClCompile>
    <ClCompile Include="..\..\..\source\CsCore\CsVariant.cpp">
      <Filter>源文件\Tool</Filter>
    </ClCompile>
    <ClCompile Include="..\..\..\source\CsCore\CsLock.cpp">
      <Filter>源文件\Thread</Filter>
    </ClCompile>
    <ClCompile Include="..\..\..\source\CsCore\dlmalloc.c">
      <Filter>源文件\_thirds</Filter>
    </ClCompile>
    <ClCompile Include="..\..\..\source\CsCore\CsVariant_Ex.cpp">
      <Filter>源文件\_private</Filter>
    </ClCompile>
    <ClCompile Include="..\..\..\source\CsCore\CsMutex_Win32.cpp">
      <Filter>源文件\Thread</Filter>
    </ClCompile>
    <ClCompile Include="..\..\..\source\CsCore\CsCriticalSection_Win32.cpp">
      <Filter>源文件\Thread</Filter>
    </ClCompile>
    <ClCompile Include="..\..\..\source\CsCore\CsDateTime_Ex.cpp">
      <Filter>源文件\_private</Filter>
    </ClCompile>
    <ClCompile Include="..\..\..\source\CsCore\CsSemaphore_Win32.cpp">
      <Filter>源文件\Thread</Filter>
    </ClCompile>
    <ClCompile Include="..\..\..\source\CsCore\CsThread_Win32.cpp">
      <Filter>源文件\Thread</Filter>
    </ClCompile>
    <ClCompile Include="..\..\..\source\CsCore\CsNullLock.cpp">
      <Filter>源文件\Thread</Filter>
    </ClCompile>
    <ClCompile Include="..\..\..\source\CsCore\CsBlock.cpp">
      <Filter>源文件\Tool</Filter>
    </ClCompile>
    <ClCompile Include="..\..\..\source\CsCore\CsMemoryPool.cpp">
      <Filter>源文件\Tool</Filter>
    </ClCompile>
    <ClCompile Include="..\..\..\source\CsCore\CsMemoryStore.cpp">
      <Filter>源文件\Tool</Filter>
    </ClCompile>
    <ClCompile Include="..\..\..\source\CsCore\CsSocket_Ex.cpp">
      <Filter>源文件\_private</Filter>
    </ClCompile>
    <ClCompile Include="..\..\..\source\CsCore\CsSockAddress.cpp">
      <Filter>源文件\Net</Filter>
    </ClCompile>
    <ClCompile Include="..\..\..\source\CsCore\CsSockAddress_Ex.cpp">
      <Filter>源文件\_private</Filter>
    </ClCompile>
    <ClCompile Include="..\..\..\source\CsCore\CsTcpSocket_Ex.cpp">
      <Filter>源文件\_private</Filter>
    </ClCompile>
    <ClCompile Include="..\..\..\source\CsCore\CsUdpSocket_Ex.cpp">
      <Filter>源文件\_private</Filter>
    </ClCompile>
    <ClCompile Include="..\..\..\source\CsCore\CsBoolean.cpp">
      <Filter>源文件\Package</Filter>
    </ClCompile>
    <ClCompile Include="..\..\..\source\CsCore\CsByte.cpp">
      <Filter>源文件\Package</Filter>
    </ClCompile>
    <ClCompile Include="..\..\..\source\CsCore\CsCharacter.cpp">
      <Filter>源文件\Package</Filter>
    </ClCompile>
    <ClCompile Include="..\..\..\source\CsCore\CsSignedCharacter.cpp">
      <Filter>源文件\Package</Filter>
    </ClCompile>
    <ClCompile Include="..\..\..\source\CsCore\CsUnsignedCharacter.cpp">
      <Filter>源文件\Package</Filter>
    </ClCompile>
    <ClCompile Include="..\..\..\source\CsCore\CsSmallInteger.cpp">
      <Filter>源文件\Package</Filter>
    </ClCompile>
    <ClCompile Include="..\..\..\source\CsCore\CsUnsignedSmallInteger.cpp">
      <Filter>源文件\Package</Filter>
    </ClCompile>
    <ClCompile Include="..\..\..\source\CsCore\CsWideCharacter.cpp">
      <Filter>源文件\Package</Filter>
    </ClCompile>
    <ClCompile Include="..\..\..\source\CsCore\CsShortInteger.cpp">
      <Filter>源文件\Package</Filter>
    </ClCompile>
    <ClCompile Include="..\..\..\source\CsCore\CsUnsignedShortInteger.cpp">
      <Filter>源文件\Package</Filter>
    </ClCompile>
    <ClCompile Include="..\..\..\source\CsCore\CsInteger.cpp">
      <Filter>源文件\Package</Filter>
    </ClCompile>
    <ClCompile Include="..\..\..\source\CsCore\CsUnsignedInteger.cpp">
      <Filter>源文件\Package</Filter>
    </ClCompile>
    <ClCompile Include="..\..\..\source\CsCore\CsLongInteger.cpp">
      <Filter>源文件\Package</Filter>
    </ClCompile>
    <ClCompile Include="..\..\..\source\CsCore\CsUnsignedLongInteger.cpp">
      <Filter>源文件\Package</Filter>
    </ClCompile>
    <ClCompile Include="..\..\..\source\CsCore\CsLongLongInteger.cpp">
      <Filter>源文件\Package</Filter>
    </ClCompile>
    <ClCompile Include="..\..\..\source\CsCore\CsUnsignedLongLongInteger.cpp">
      <Filter>源文件\Package</Filter>
    </ClCompile>
    <ClCompile Include="..\..\..\source\CsCore\CsNew.cpp">
      <Filter>源文件\Global</Filter>
    </ClCompile>
    <ClCompile Include="..\..\..\source\CsCore\CsHash.cpp">
      <Filter>源文件\Template</Filter>
    </ClCompile>
    <ClCompile Include="..\..\..\source\CsCore\CsMath.cpp">
      <Filter>源文件\Utility</Filter>
    </ClCompile>
    <ClCompile Include="..\..\..\source\CsCore\CsEndian.cpp">
      <Filter>源文件\Utility</Filter>
    </ClCompile>
    <ClCompile Include="..\..\..\source\CsCore\CsCStringHelper.cpp">
      <Filter>源文件\Utility</Filter>
    </ClCompile>
    <ClCompile Include="..\..\..\source\CsCore\CsStdStringHelper.cpp">
      <Filter>源文件\Utility</Filter>
    </ClCompile>
    <ClCompile Include="..\..\..\source\CsCore\CsDoubleFloat.cpp">
      <Filter>源文件\Package</Filter>
    </ClCompile>
    <ClCompile Include="..\..\..\source\CsCore\CsLongDoubleFloat.cpp">
      <Filter>源文件\Package</Filter>
    </ClCompile>
    <ClCompile Include="..\..\..\source\CsCore\CsSingleFloat.cpp">
      <Filter>源文件\Package</Filter>
    </ClCompile>
    <ClCompile Include="..\..\..\source\CsCore\CsStringPool.cpp">
      <Filter>源文件\Tool</Filter>
    </ClCompile>
    <ClCompile Include="..\..\..\source\CsCore\CsStringList.cpp">
      <Filter>源文件\Tool</Filter>
    </ClCompile>
    <ClCompile Include="..\..\..\source\CsCore\CsStringStore.cpp">
      <Filter>源文件\Tool</Filter>
    </ClCompile>
    <ClCompile Include="..\..\..\source\CsCore\CsString_Number.cpp">
      <Filter>源文件\Tool</Filter>
    </ClCompile>
    <ClCompile Include="..\..\..\source\CsCore\CsString_Object.cpp">
      <Filter>源文件\Tool</Filter>
    </ClCompile>
    <ClCompile Include="..\..\..\source\CsCore\CsString_Operator.cpp">
      <Filter>源文件\Tool</Filter>
    </ClCompile>
    <ClCompile Include="..\..\..\source\CsCore\CsString_Private.cpp">
      <Filter>源文件\Tool</Filter>
    </ClCompile>
    <ClCompile Include="..\..\..\source\CsCore\CsRegister.cpp">
      <Filter>源文件\Template</Filter>
    </ClCompile>
    <ClCompile Include="..\..\..\source\CsCore\CsStringBuffer.cpp">
      <Filter>源文件\Tool</Filter>
    </ClCompile>
    <ClCompile Include="..\..\..\source\CsCore\CsFile_Ex.cpp">
      <Filter>源文件\_private</Filter>
    </ClCompile>
    <ClCompile Include="..\..\..\source\CsCore\CsBinaryFile_Ex.cpp">
      <Filter>源文件\_private</Filter>
    </ClCompile>
    <ClCompile Include="..\..\..\source\CsCore\CsBinaryFile.cpp">
      <Filter>源文件\Tool</Filter>
    </ClCompile>
    <ClCompile Include="..\..\..\source\CsCore\CsFile.cpp">
      <Filter>源文件\Tool</Filter>
    </ClCompile>
    <ClCompile Include="..\..\..\source\CsCore\CsTextFile.cpp">
      <Filter>源文件\Tool</Filter>
    </ClCompile>
    <ClCompile Include="..\..\..\source\CsCore\CsTextFile_Ex.cpp">
      <Filter>源文件\_private</Filter>
    </ClCompile>
  </ItemGroup>
  <ItemGroup>
    <None Include="..\..\..\include\CsCore\CsBinaryTree.inl">
      <Filter>头文件\_inline</Filter>
    </None>
    <None Include="..\..\..\include\CsCore\CsPackage.inl">
      <Filter>头文件\_inline</Filter>
    </None>
    <None Include="..\..\..\include\CsCore\CsBinarySortTree.inl">
      <Filter>头文件\_inline</Filter>
    </None>
    <None Include="..\..\..\include\CsCore\CsReadBlackTree.inl">
      <Filter>头文件\_inline</Filter>
    </None>
    <None Include="..\..\..\include\CsCore\CsDynamicArray.inl">
      <Filter>头文件\_inline</Filter>
    </None>
    <None Include="..\..\..\include\CsCore\CsStaticArray.inl">
      <Filter>头文件\_inline</Filter>
    </None>
    <None Include="..\..\..\include\CsCore\CsHashTable.inl">
      <Filter>头文件\_inline</Filter>
    </None>
    <None Include="..\..\..\include\CsCore\CsNew.inl">
      <Filter>头文件\_inline</Filter>
    </None>
    <None Include="..\..\..\include\CsCore\CsAtomic.inl">
      <Filter>头文件\_inline</Filter>
    </None>
    <None Include="..\..\..\include\CsCore\CsDoubleLinkedList.inl">
      <Filter>头文件\_inline</Filter>
    </None>
    <None Include="..\..\..\include\CsCore\CsCircularLinkedList.inl">
      <Filter>头文件\_inline</Filter>
    </None>
    <None Include="..\..\..\include\CsCore\CsSingleLinkedList.inl">
      <Filter>头文件\_inline</Filter>
    </None>
    <None Include="..\..\..\include\CsCore\CsReferenceCounter.inl">
      <Filter>头文件\_inline</Filter>
    </None>
    <None Include="..\..\..\include\CsCore\CsSharedPointer.inl">
      <Filter>头文件\_inline</Filter>
    </None>
    <None Include="..\..\..\include\CsCore\CsArrayStack.inl">
      <Filter>头文件\_inline</Filter>
    </None>
    <None Include="..\..\..\include\CsCore\CsListStack.inl">
      <Filter>头文件\_inline</Filter>
    </None>
    <None Include="..\..\..\include\CsCore\CsStructure.inl">
      <Filter>头文件\_inline</Filter>
    </None>
    <None Include="..\..\..\include\CsCore\CsLockGuard.inl">
      <Filter>头文件\_inline</Filter>
    </None>
    <None Include="..\..\..\include\CsCore\CsSort.inl">
      <Filter>头文件\_inline</Filter>
    </None>
    <None Include="..\..\..\include\CsCore\CsBinaryHeap.inl">
      <Filter>头文件\_inline</Filter>
    </None>
    <None Include="..\..\..\include\CsCore\CsVector.inl">
      <Filter>头文件\_inline</Filter>
    </None>
    <None Include="..\..\..\include\CsCore\CsArray.inl">
      <Filter>头文件\_inline</Filter>
    </None>
    <None Include="..\..\..\include\CsCore\CsLinkedList.inl">
      <Filter>头文件\_inline</Filter>
    </None>
    <None Include="..\..\..\include\CsCore\CsBlock.inl">
      <Filter>头文件\_inline</Filter>
    </None>
    <None Include="..\..\..\include\CsCore\CsArrayQueue.inl">
      <Filter>头文件\_inline</Filter>
    </None>
    <None Include="..\..\..\include\CsCore\CsListQueue.inl">
      <Filter>头文件\_inline</Filter>
    </None>
    <None Include="..\..\..\include\CsCore\CsList.inl">
      <Filter>头文件\_inline</Filter>
    </None>
  </ItemGroup>
</Project>