<?xml version="1.0" encoding="utf-8"?>
<Project ToolsVersion="4.0" xmlns="http://schemas.microsoft.com/developer/msbuild/2003">
  <ItemGroup>
    <Filter Include="源文件">
      <UniqueIdentifier>{4FC737F1-C7A5-4376-A066-2A32D752A2FF}</UniqueIdentifier>
      <Extensions>cpp;c;cc;cxx;def;odl;idl;hpj;bat;asm;asmx</Extensions>
    </Filter>
    <Filter Include="头文件">
      <UniqueIdentifier>{93995380-89BD-4b04-88EB-625FBE52EBFB}</UniqueIdentifier>
      <Extensions>h;hh;hpp;hxx;hm;inl;inc;xsd</Extensions>
    </Filter>
    <Filter Include="资源文件">
      <UniqueIdentifier>{67DA6AB6-F800-4c08-8B7A-83BB121AAD01}</UniqueIdentifier>
      <Extensions>rc;ico;cur;bmp;dlg;rc2;rct;bin;rgs;gif;jpg;jpeg;jpe;resx;tiff;tif;png;wav;mfcribbon-ms</Extensions>
    </Filter>
    <Filter Include="头文件\Global">
      <UniqueIdentifier>{a52604e8-0bdf-4d9c-ac13-2dadcc9e4691}</UniqueIdentifier>
    </Filter>
    <Filter Include="头文件\_private">
      <UniqueIdentifier>{9f46160c-c248-41bd-9865-308a6251fa33}</UniqueIdentifier>
    </Filter>
    <Filter Include="源文件\_private">
      <UniqueIdentifier>{763a9b99-6529-4a8d-ab9c-91b2699e2847}</UniqueIdentifier>
    </Filter>
    <Filter Include="头文件\Utility">
      <UniqueIdentifier>{f79428c8-39f2-4c2f-9a2f-5c56ed33116e}</UniqueIdentifier>
    </Filter>
    <Filter Include="源文件\Utility">
      <UniqueIdentifier>{ab25b991-b54f-4ad4-9d3c-ba0a9a648cc0}</UniqueIdentifier>
    </Filter>
    <Filter Include="头文件\Number">
      <UniqueIdentifier>{7c872e24-75f4-4dcf-b851-a822c134b2a5}</UniqueIdentifier>
    </Filter>
    <Filter Include="头文件\Thread">
      <UniqueIdentifier>{8aa84173-66c3-4a8e-9b2c-c2098fbcd20d}</UniqueIdentifier>
    </Filter>
    <Filter Include="头文件\Socket">
      <UniqueIdentifier>{3ff3dc84-26c3-4762-8d6b-955856a6a630}</UniqueIdentifier>
    </Filter>
    <Filter Include="源文件\Socket">
      <UniqueIdentifier>{9dea15f7-bbf3-47ac-aa23-3f743d682dc5}</UniqueIdentifier>
    </Filter>
    <Filter Include="源文件\Thread">
      <UniqueIdentifier>{4d31afef-c4e1-4565-bde1-a96591576f97}</UniqueIdentifier>
    </Filter>
    <Filter Include="头文件\Table">
      <UniqueIdentifier>{62c68275-69f7-49b7-a2e2-e462dcfd6a85}</UniqueIdentifier>
    </Filter>
  </ItemGroup>
  <ItemGroup>
    <ClInclude Include="..\..\..\include\CsCore\CsLogger.h">
      <Filter>头文件</Filter>
    </ClInclude>
    <ClInclude Include="..\..\..\include\CsCore\CsMemPool.h">
      <Filter>头文件</Filter>
    </ClInclude>
    <ClInclude Include="..\..\..\include\CsCore\CsObject.h">
      <Filter>头文件</Filter>
    </ClInclude>
    <ClInclude Include="..\..\..\include\CsCore\CsString.h">
      <Filter>头文件</Filter>
    </ClInclude>
    <ClInclude Include="..\..\..\include\CsCore\CsVector.h">
      <Filter>头文件</Filter>
    </ClInclude>
    <ClInclude Include="..\..\..\private\CsCore\CsNumber.h">
      <Filter>头文件\_private</Filter>
    </ClInclude>
    <ClInclude Include="..\..\..\private\CsCore\CsObject_Private.h">
      <Filter>头文件\_private</Filter>
    </ClInclude>
    <ClInclude Include="..\..\..\private\CsCore\CsString_Private.h">
      <Filter>头文件\_private</Filter>
    </ClInclude>
    <ClInclude Include="..\..\..\include\CsCore\CsDefine.h">
      <Filter>头文件\Global</Filter>
    </ClInclude>
    <ClInclude Include="..\..\..\include\CsCore\CsGlobal.h">
      <Filter>头文件\Global</Filter>
    </ClInclude>
    <ClInclude Include="..\..\..\include\CsCore\CsType.h">
      <Filter>头文件\Global</Filter>
    </ClInclude>
    <ClInclude Include="..\..\..\private\CsCore\CsThread_Private.h">
      <Filter>头文件\_private</Filter>
    </ClInclude>
    <ClInclude Include="..\..\..\private\CsCore\CsMutex_Private.h">
      <Filter>头文件\_private</Filter>
    </ClInclude>
    <ClInclude Include="..\..\..\include\CsCore\CsEndian.h">
      <Filter>头文件\Utility</Filter>
    </ClInclude>
    <ClInclude Include="..\..\..\include\CsCore\CsMath.h">
      <Filter>头文件\Utility</Filter>
    </ClInclude>
    <ClInclude Include="..\..\..\private\CsCore\CsAutoLock_Private.h">
      <Filter>头文件\_private</Filter>
    </ClInclude>
    <ClInclude Include="..\..\..\private\CsCore\CsSemaphore_Private.h">
      <Filter>头文件\_private</Filter>
    </ClInclude>
    <ClInclude Include="..\..\..\include\CsCore\CsCoreGlobal.h">
      <Filter>头文件</Filter>
    </ClInclude>
    <ClInclude Include="..\..\..\private\CsCore\CsSockAddress_Private.h">
      <Filter>头文件\_private</Filter>
    </ClInclude>
    <ClInclude Include="..\..\..\private\CsCore\CsTcpSocket_Private.h">
      <Filter>头文件\_private</Filter>
    </ClInclude>
    <ClInclude Include="..\..\..\private\CsCore\CsUdpSocket_Private.h">
      <Filter>头文件\_private</Filter>
    </ClInclude>
    <ClInclude Include="..\..\..\include\CsCore\CsSocket_Private.h">
      <Filter>头文件\_private</Filter>
    </ClInclude>
    <ClInclude Include="..\..\..\include\CsCore\CsInt32.h">
      <Filter>头文件\Number</Filter>
    </ClInclude>
    <ClInclude Include="..\..\..\include\CsCore\CsThread.h">
      <Filter>头文件\Thread</Filter>
    </ClInclude>
    <ClInclude Include="..\..\..\include\CsCore\CsMutex.h">
      <Filter>头文件\Thread</Filter>
    </ClInclude>
    <ClInclude Include="..\..\..\include\CsCore\CsAutoLock.h">
      <Filter>头文件\Thread</Filter>
    </ClInclude>
    <ClInclude Include="..\..\..\include\CsCore\CsSemaphore.h">
      <Filter>头文件\Thread</Filter>
    </ClInclude>
    <ClInclude Include="..\..\..\include\CsCore\CsSockAddress.h">
      <Filter>头文件\Socket</Filter>
    </ClInclude>
    <ClInclude Include="..\..\..\include\CsCore\CsSocket.h">
      <Filter>头文件\Socket</Filter>
    </ClInclude>
    <ClInclude Include="..\..\..\include\CsCore\CsTcpSocket.h">
      <Filter>头文件\Socket</Filter>
    </ClInclude>
    <ClInclude Include="..\..\..\include\CsCore\CsUdpSocket.h">
      <Filter>头文件\Socket</Filter>
    </ClInclude>
    <ClInclude Include="..\..\..\include\CsCore\CsTable.h">
      <Filter>头文件\Table</Filter>
    </ClInclude>
    <ClInclude Include="..\..\..\include\CsCore\CsArray.h">
      <Filter>头文件</Filter>
    </ClInclude>
  </ItemGroup>
  <ItemGroup>
    <ClCompile Include="..\..\..\source\CsCore\CsMemPool.cpp">
      <Filter>源文件</Filter>
    </ClCompile>
    <ClCompile Include="..\..\..\source\CsCore\CsObject.cpp">
      <Filter>源文件</Filter>
    </ClCompile>
    <ClCompile Include="..\..\..\source\CsCore\CsString.cpp">
      <Filter>源文件</Filter>
    </ClCompile>
    <ClCompile Include="..\..\..\source\CsCore\CsObject_Private.cpp">
      <Filter>源文件\_private</Filter>
    </ClCompile>
    <ClCompile Include="..\..\..\source\CsCore\CsString_Private.cpp">
      <Filter>源文件\_private</Filter>
    </ClCompile>
    <ClCompile Include="..\..\..\source\CsCore\CsNumber.cpp">
      <Filter>源文件\_private</Filter>
    </ClCompile>
    <ClCompile Include="..\..\..\source\CsCore\CsThread_Private_Win32.cpp">
      <Filter>源文件\_private</Filter>
    </ClCompile>
    <ClCompile Include="..\..\..\source\CsCore\CsMutex_Private_Win32.cpp">
      <Filter>源文件\_private</Filter>
    </ClCompile>
    <ClCompile Include="..\..\..\source\CsCore\CsAutoLock_Private.cpp">
      <Filter>源文件\_private</Filter>
    </ClCompile>
    <ClCompile Include="..\..\..\source\CsCore\CsEndian.cpp">
      <Filter>源文件\Utility</Filter>
    </ClCompile>
    <ClCompile Include="..\..\..\source\CsCore\CsMath.cpp">
      <Filter>源文件\Utility</Filter>
    </ClCompile>
    <ClCompile Include="..\..\..\source\CsCore\CsSemaphore_Private_Win32.cpp">
      <Filter>源文件\_private</Filter>
    </ClCompile>
    <ClCompile Include="..\..\..\source\CsCore\CsSockAddress_Private.cpp">
      <Filter>源文件\_private</Filter>
    </ClCompile>
    <ClCompile Include="..\..\..\source\CsCore\CsUdpSocket_Private.cpp">
      <Filter>源文件\_private</Filter>
    </ClCompile>
    <ClCompile Include="..\..\..\source\CsCore\CsTcpSocket_Private.cpp">
      <Filter>源文件\_private</Filter>
    </ClCompile>
    <ClCompile Include="..\..\..\source\CsCore\CsSocket_Private.cpp">
      <Filter>源文件\_private</Filter>
    </ClCompile>
    <ClCompile Include="..\..\..\source\CsCore\CsSockAddress.cpp">
      <Filter>源文件\Socket</Filter>
    </ClCompile>
    <ClCompile Include="..\..\..\source\CsCore\CsSocket.cpp">
      <Filter>源文件\Socket</Filter>
    </ClCompile>
    <ClCompile Include="..\..\..\source\CsCore\CsUdpSocket.cpp">
      <Filter>源文件\Socket</Filter>
    </ClCompile>
    <ClCompile Include="..\..\..\source\CsCore\CsTcpSocket.cpp">
      <Filter>源文件\Socket</Filter>
    </ClCompile>
    <ClCompile Include="..\..\..\source\CsCore\CsThread.cpp">
      <Filter>源文件\Thread</Filter>
    </ClCompile>
    <ClCompile Include="..\..\..\source\CsCore\CsAutoLock.cpp">
      <Filter>源文件\Thread</Filter>
    </ClCompile>
    <ClCompile Include="..\..\..\source\CsCore\CsMutex.cpp">
      <Filter>源文件\Thread</Filter>
    </ClCompile>
    <ClCompile Include="..\..\..\source\CsCore\CsSemaphore.cpp">
      <Filter>源文件\Thread</Filter>
    </ClCompile>
  </ItemGroup>
</Project>