<?xml version="1.0" encoding="utf-8"?>
<Project ToolsVersion="4.0" xmlns="http://schemas.microsoft.com/developer/msbuild/2003">
  <ItemGroup>
    <Filter Include="源文件">
      <UniqueIdentifier>{4FC737F1-C7A5-4376-A066-2A32D752A2FF}</UniqueIdentifier>
      <Extensions>cpp;c;cc;cxx;def;odl;idl;hpj;bat;asm;asmx</Extensions>
    </Filter>
    <Filter Include="头文件">
      <UniqueIdentifier>{93995380-89BD-4b04-88EB-625FBE52EBFB}</UniqueIdentifier>
      <Extensions>h;hh;hpp;hxx;hm;inl;inc;xsd</Extensions>
    </Filter>
    <Filter Include="资源文件">
      <UniqueIdentifier>{67DA6AB6-F800-4c08-8B7A-83BB121AAD01}</UniqueIdentifier>
      <Extensions>rc;ico;cur;bmp;dlg;rc2;rct;bin;rgs;gif;jpg;jpeg;jpe;resx;tiff;tif;png;wav;mfcribbon-ms</Extensions>
    </Filter>
    <Filter Include="头文件\_private">
      <UniqueIdentifier>{9f46160c-c248-41bd-9865-308a6251fa33}</UniqueIdentifier>
    </Filter>
    <Filter Include="源文件\_private">
      <UniqueIdentifier>{763a9b99-6529-4a8d-ab9c-91b2699e2847}</UniqueIdentifier>
    </Filter>
    <Filter Include="源文件\_thirds">
      <UniqueIdentifier>{8d5ca92e-1cdb-46a2-a647-2ef02cae0979}</UniqueIdentifier>
    </Filter>
    <Filter Include="头文件\_inline">
      <UniqueIdentifier>{db5f1c4b-0335-4e9a-87be-2a8f20ae2584}</UniqueIdentifier>
    </Filter>
    <Filter Include="头文件\Index">
      <UniqueIdentifier>{c48e8908-6633-4bc8-a656-0c3018777684}</UniqueIdentifier>
    </Filter>
    <Filter Include="头文件\Attribute">
      <UniqueIdentifier>{fc17f780-5a0e-4fce-8869-111121ec9f80}</UniqueIdentifier>
    </Filter>
  </ItemGroup>
  <ItemGroup>
    <ClInclude Include="..\..\..\private\CsDataTable\CsObjectTable_Ex.h">
      <Filter>头文件\_private</Filter>
    </ClInclude>
    <ClInclude Include="..\..\..\private\CsDataTable\CsSerialTable_Ex.h">
      <Filter>头文件\_private</Filter>
    </ClInclude>
    <ClInclude Include="..\..\..\private\CsDataTable\CsSimpleTable_Ex.h">
      <Filter>头文件\_private</Filter>
    </ClInclude>
    <ClInclude Include="..\..\..\private\CsDataTable\CsVariantTable_Ex.h">
      <Filter>头文件\_private</Filter>
    </ClInclude>
    <ClInclude Include="..\..\..\private\CsDataTable\CsVirtualTable_Ex.h">
      <Filter>头文件\_private</Filter>
    </ClInclude>
    <ClInclude Include="..\..\..\include\CsDataTable\CsDataTable.h">
      <Filter>头文件</Filter>
    </ClInclude>
    <ClInclude Include="..\..\..\include\CsDataTable\CsTableCell.h">
      <Filter>头文件\Attribute</Filter>
    </ClInclude>
    <ClInclude Include="..\..\..\include\CsDataTable\CsTableColumn.h">
      <Filter>头文件\Attribute</Filter>
    </ClInclude>
    <ClInclude Include="..\..\..\include\CsDataTable\CsTableColumns.h">
      <Filter>头文件\Attribute</Filter>
    </ClInclude>
    <ClInclude Include="..\..\..\include\CsDataTable\CsTableField.h">
      <Filter>头文件\Attribute</Filter>
    </ClInclude>
    <ClInclude Include="..\..\..\include\CsDataTable\CsTableFields.h">
      <Filter>头文件\Attribute</Filter>
    </ClInclude>
    <ClInclude Include="..\..\..\include\CsDataTable\CsTableObject.h">
      <Filter>头文件\Attribute</Filter>
    </ClInclude>
    <ClInclude Include="..\..\..\include\CsDataTable\CsTableRow.h">
      <Filter>头文件\Attribute</Filter>
    </ClInclude>
    <ClInclude Include="..\..\..\include\CsDataTable\CsTableRows.h">
      <Filter>头文件\Attribute</Filter>
    </ClInclude>
    <ClInclude Include="..\..\..\include\CsDataTable\CsTableSpatialIndex.h">
      <Filter>头文件\Index</Filter>
    </ClInclude>
    <ClInclude Include="..\..\..\include\CsDataTable\CsTableIndex.h">
      <Filter>头文件\Index</Filter>
    </ClInclude>
    <ClInclude Include="..\..\..\include\CsDataTable\CsTableDataIndex.h">
      <Filter>头文件\Index</Filter>
    </ClInclude>
    <ClInclude Include="..\..\..\include\CsDataTable\CsDataView.h">
      <Filter>头文件</Filter>
    </ClInclude>
    <ClInclude Include="..\..\..\include\CsDataTable\CsTableGlobal.h">
      <Filter>头文件</Filter>
    </ClInclude>
    <ClInclude Include="..\..\..\include\CsDataTable\CsTableAction.h">
      <Filter>头文件</Filter>
    </ClInclude>
    <ClInclude Include="..\..\..\include\CsDataTable\CsTableAttribute.h">
      <Filter>头文件\Attribute</Filter>
    </ClInclude>
  </ItemGroup>
</Project>